// !$*UTF8*$!
{
	archiveVersion = 1;
	classes = {
	};
	objectVersion = 46;
	objects = {

/* Begin PBXBuildFile section */
		85D435835D2368A4A4F46ED7 /* Pods_HTML.framework in Frameworks */ = {isa = PBXBuildFile; fileRef = 7E49DAFC8E7A5241DCCCDB57 /* Pods_HTML.framework */; };
		F41355DE1DAEC92B00B4E969 /* AppDelegate.swift in Sources */ = {isa = PBXBuildFile; fileRef = F41355DD1DAEC92B00B4E969 /* AppDelegate.swift */; };
		F41355E01DAEC92B00B4E969 /* ViewController.swift in Sources */ = {isa = PBXBuildFile; fileRef = F41355DF1DAEC92B00B4E969 /* ViewController.swift */; };
		F41355E31DAEC92B00B4E969 /* Main.storyboard in Resources */ = {isa = PBXBuildFile; fileRef = F41355E11DAEC92B00B4E969 /* Main.storyboard */; };
		F41355E51DAEC92B00B4E969 /* Assets.xcassets in Resources */ = {isa = PBXBuildFile; fileRef = F41355E41DAEC92B00B4E969 /* Assets.xcassets */; };
		F41355E81DAEC92B00B4E969 /* LaunchScreen.storyboard in Resources */ = {isa = PBXBuildFile; fileRef = F41355E61DAEC92B00B4E969 /* LaunchScreen.storyboard */; };
		F41355F21DAECC4200B4E969 /* Kanna.framework in Frameworks */ = {isa = PBXBuildFile; fileRef = F41355F11DAECC4200B4E969 /* Kanna.framework */; };
/* End PBXBuildFile section */

/* Begin PBXFileReference section */
		7E49DAFC8E7A5241DCCCDB57 /* Pods_HTML.framework */ = {isa = PBXFileReference; explicitFileType = wrapper.framework; includeInIndex = 0; path = Pods_HTML.framework; sourceTree = BUILT_PRODUCTS_DIR; };
		DC1876F5425FB8EBDF71EA28 /* Pods-HTML.debug.xcconfig */ = {isa = PBXFileReference; includeInIndex = 1; lastKnownFileType = text.xcconfig; name = "Pods-HTML.debug.xcconfig"; path = "Pods/Target Support Files/Pods-HTML/Pods-HTML.debug.xcconfig"; sourceTree = "<group>"; };
		F1BCBB7C99949F7DECDD5B57 /* Pods-HTML.release.xcconfig */ = {isa = PBXFileReference; includeInIndex = 1; lastKnownFileType = text.xcconfig; name = "Pods-HTML.release.xcconfig"; path = "Pods/Target Support Files/Pods-HTML/Pods-HTML.release.xcconfig"; sourceTree = "<group>"; };
		F41355DA1DAEC92B00B4E969 /* HTML.app */ = {isa = PBXFileReference; explicitFileType = wrapper.application; includeInIndex = 0; path = HTML.app; sourceTree = BUILT_PRODUCTS_DIR; };
		F41355DD1DAEC92B00B4E969 /* AppDelegate.swift */ = {isa = PBXFileReference; lastKnownFileType = sourcecode.swift; path = AppDelegate.swift; sourceTree = "<group>"; };
		F41355DF1DAEC92B00B4E969 /* ViewController.swift */ = {isa = PBXFileReference; lastKnownFileType = sourcecode.swift; path = ViewController.swift; sourceTree = "<group>"; };
		F41355E21DAEC92B00B4E969 /* Base */ = {isa = PBXFileReference; lastKnownFileType = file.storyboard; name = Base; path = Base.lproj/Main.storyboard; sourceTree = "<group>"; };
		F41355E41DAEC92B00B4E969 /* Assets.xcassets */ = {isa = PBXFileReference; lastKnownFileType = folder.assetcatalog; path = Assets.xcassets; sourceTree = "<group>"; };
		F41355E71DAEC92B00B4E969 /* Base */ = {isa = PBXFileReference; lastKnownFileType = file.storyboard; name = Base; path = Base.lproj/LaunchScreen.storyboard; sourceTree = "<group>"; };
		F41355E91DAEC92B00B4E969 /* Info.plist */ = {isa = PBXFileReference; lastKnownFileType = text.plist.xml; path = Info.plist; sourceTree = "<group>"; };
		F41355EF1DAECB8700B4E969 /* Kanna.framework */ = {isa = PBXFileReference; lastKnownFileType = wrapper.framework; name = Kanna.framework; path = "Pods/../build/Debug-iphoneos/Kanna/Kanna.framework"; sourceTree = "<group>"; };
		F41355F11DAECC4200B4E969 /* Kanna.framework */ = {isa = PBXFileReference; lastKnownFileType = wrapper.framework; name = Kanna.framework; path = "Pods/../build/Debug-iphoneos/Kanna/Kanna.framework"; sourceTree = "<group>"; };
/* End PBXFileReference section */

/* Begin PBXFrameworksBuildPhase section */
		F41355D71DAEC92B00B4E969 /* Frameworks */ = {
			isa = PBXFrameworksBuildPhase;
			buildActionMask = 2147483647;
			files = (
				F41355F21DAECC4200B4E969 /* Kanna.framework in Frameworks */,
				85D435835D2368A4A4F46ED7 /* Pods_HTML.framework in Frameworks */,
			);
			runOnlyForDeploymentPostprocessing = 0;
		};
/* End PBXFrameworksBuildPhase section */

/* Begin PBXGroup section */
		1FF8F3016772186D6B085525 /* Pods */ = {
			isa = PBXGroup;
			children = (
				DC1876F5425FB8EBDF71EA28 /* Pods-HTML.debug.xcconfig */,
				F1BCBB7C99949F7DECDD5B57 /* Pods-HTML.release.xcconfig */,
			);
			name = Pods;
			sourceTree = "<group>";
		};
		67D9CEDF8798B801C1934239 /* Frameworks */ = {
			isa = PBXGroup;
			children = (
				F41355F11DAECC4200B4E969 /* Kanna.framework */,
				F41355EF1DAECB8700B4E969 /* Kanna.framework */,
				7E49DAFC8E7A5241DCCCDB57 /* Pods_HTML.framework */,
			);
			name = Frameworks;
			sourceTree = "<group>";
		};
		F41355D11DAEC92B00B4E969 = {
			isa = PBXGroup;
			children = (
				F41355DC1DAEC92B00B4E969 /* HTML */,
				F41355DB1DAEC92B00B4E969 /* Products */,
				1FF8F3016772186D6B085525 /* Pods */,
				67D9CEDF8798B801C1934239 /* Frameworks */,
			);
			sourceTree = "<group>";
		};
		F41355DB1DAEC92B00B4E969 /* Products */ = {
			isa = PBXGroup;
			children = (
				F41355DA1DAEC92B00B4E969 /* HTML.app */,
			);
			name = Products;
			sourceTree = "<group>";
		};
		F41355DC1DAEC92B00B4E969 /* HTML */ = {
			isa = PBXGroup;
			children = (
				F41355DD1DAEC92B00B4E969 /* AppDelegate.swift */,
				F41355DF1DAEC92B00B4E969 /* ViewController.swift */,
				F41355E11DAEC92B00B4E969 /* Main.storyboard */,
				F41355E41DAEC92B00B4E969 /* Assets.xcassets */,
				F41355E61DAEC92B00B4E969 /* LaunchScreen.storyboard */,
				F41355E91DAEC92B00B4E969 /* Info.plist */,
			);
			path = HTML;
			sourceTree = "<group>";
		};
/* End PBXGroup section */

/* Begin PBXNativeTarget section */
		F41355D91DAEC92B00B4E969 /* HTML */ = {
			isa = PBXNativeTarget;
			buildConfigurationList = F41355EC1DAEC92B00B4E969 /* Build configuration list for PBXNativeTarget "HTML" */;
			buildPhases = (
				0B71069B1DB1A4651C99A1EC /* [CP] Check Pods Manifest.lock */,
				F41355D61DAEC92B00B4E969 /* Sources */,
				F41355D71DAEC92B00B4E969 /* Frameworks */,
				F41355D81DAEC92B00B4E969 /* Resources */,
				716CAAC17FA2D4215EA4D3C3 /* [CP] Embed Pods Frameworks */,
				631217DBD458C1BD99D45F96 /* [CP] Copy Pods Resources */,
			);
			buildRules = (
			);
			dependencies = (
			);
			name = HTML;
			productName = HTML;
			productReference = F41355DA1DAEC92B00B4E969 /* HTML.app */;
			productType = "com.apple.product-type.application";
		};
/* End PBXNativeTarget section */

/* Begin PBXProject section */
		F41355D21DAEC92B00B4E969 /* Project object */ = {
			isa = PBXProject;
			attributes = {
				LastSwiftUpdateCheck = 0800;
				LastUpgradeCheck = 0800;
				ORGANIZATIONNAME = Arun;
				TargetAttributes = {
					F41355D91DAEC92B00B4E969 = {
						CreatedOnToolsVersion = 8.0;
						ProvisioningStyle = Automatic;
					};
				};
			};
			buildConfigurationList = F41355D51DAEC92B00B4E969 /* Build configuration list for PBXProject "HTML" */;
			compatibilityVersion = "Xcode 3.2";
			developmentRegion = English;
			hasScannedForEncodings = 0;
			knownRegions = (
				en,
				Base,
			);
			mainGroup = F41355D11DAEC92B00B4E969;
			productRefGroup = F41355DB1DAEC92B00B4E969 /* Products */;
			projectDirPath = "";
			projectRoot = "";
			targets = (
				F41355D91DAEC92B00B4E969 /* HTML */,
			);
		};
/* End PBXProject section */

/* Begin PBXResourcesBuildPhase section */
		F41355D81DAEC92B00B4E969 /* Resources */ = {
			isa = PBXResourcesBuildPhase;
			buildActionMask = 2147483647;
			files = (
				F41355E81DAEC92B00B4E969 /* LaunchScreen.storyboard in Resources */,
				F41355E51DAEC92B00B4E969 /* Assets.xcassets in Resources */,
				F41355E31DAEC92B00B4E969 /* Main.storyboard in Resources */,
			);
			runOnlyForDeploymentPostprocessing = 0;
		};
/* End PBXResourcesBuildPhase section */

/* Begin PBXShellScriptBuildPhase section */
		0B71069B1DB1A4651C99A1EC /* [CP] Check Pods Manifest.lock */ = {
			isa = PBXShellScriptBuildPhase;
			buildActionMask = 2147483647;
			files = (
			);
			inputPaths = (
			);
			name = "[CP] Check Pods Manifest.lock";
			outputPaths = (
			);
			runOnlyForDeploymentPostprocessing = 0;
			shellPath = /bin/sh;
			shellScript = "diff \"${PODS_ROOT}/../Podfile.lock\" \"${PODS_ROOT}/Manifest.lock\" > /dev/null\nif [[ $? != 0 ]] ; then\n    cat << EOM\nerror: The sandbox is not in sync with the Podfile.lock. Run 'pod install' or update your CocoaPods installation.\nEOM\n    exit 1\nfi\n";
			showEnvVarsInLog = 0;
		};
		631217DBD458C1BD99D45F96 /* [CP] Copy Pods Resources */ = {
			isa = PBXShellScriptBuildPhase;
			buildActionMask = 2147483647;
			files = (
			);
			inputPaths = (
			);
			name = "[CP] Copy Pods Resources";
			outputPaths = (
			);
			runOnlyForDeploymentPostprocessing = 0;
			shellPath = /bin/sh;
			shellScript = "\"${SRCROOT}/Pods/Target Support Files/Pods-HTML/Pods-HTML-resources.sh\"\n";
			showEnvVarsInLog = 0;
		};
		716CAAC17FA2D4215EA4D3C3 /* [CP] Embed Pods Frameworks */ = {
			isa = PBXShellScriptBuildPhase;
			buildActionMask = 2147483647;
			files = (
			);
			inputPaths = (
			);
			name = "[CP] Embed Pods Frameworks";
			outputPaths = (
			);
			runOnlyForDeploymentPostprocessing = 0;
			shellPath = /bin/sh;
			shellScript = "\"${SRCROOT}/Pods/Target Support Files/Pods-HTML/Pods-HTML-frameworks.sh\"\n";
			showEnvVarsInLog = 0;
		};
/* End PBXShellScriptBuildPhase section */

/* Begin PBXSourcesBuildPhase section */
		F41355D61DAEC92B00B4E969 /* Sources */ = {
			isa = PBXSourcesBuildPhase;
			buildActionMask = 2147483647;
			files = (
				F41355E01DAEC92B00B4E969 /* ViewController.swift in Sources */,
				F41355DE1DAEC92B00B4E969 /* AppDelegate.swift in Sources */,
			);
			runOnlyForDeploymentPostprocessing = 0;
		};
/* End PBXSourcesBuildPhase section */

/* Begin PBXVariantGroup section */
		F41355E11DAEC92B00B4E969 /* Main.storyboard */ = {
			isa = PBXVariantGroup;
			children = (
				F41355E21DAEC92B00B4E969 /* Base */,
			);
			name = Main.storyboard;
			sourceTree = "<group>";
		};
		F41355E61DAEC92B00B4E969 /* LaunchScreen.storyboard */ = {
			isa = PBXVariantGroup;
			children = (
				F41355E71DAEC92B00B4E969 /* Base */,
			);
			name = LaunchScreen.storyboard;
			sourceTree = "<group>";
		};
/* End PBXVariantGroup section */

/* Begin XCBuildConfiguration section */
		F41355EA1DAEC92B00B4E969 /* Debug */ = {
			isa = XCBuildConfiguration;
			buildSettings = {
				ALWAYS_SEARCH_USER_PATHS = NO;
				CLANG_ANALYZER_NONNULL = YES;
				CLANG_CXX_LANGUAGE_STANDARD = "gnu++0x";
				CLANG_CXX_LIBRARY = "libc++";
				CLANG_ENABLE_MODULES = YES;
				CLANG_ENABLE_OBJC_ARC = YES;
				CLANG_WARN_BOOL_CONVERSION = YES;
				CLANG_WARN_CONSTANT_CONVERSION = YES;
				CLANG_WARN_DIRECT_OBJC_ISA_USAGE = YES_ERROR;
				CLANG_WARN_DOCUMENTATION_COMMENTS = YES;
				CLANG_WARN_EMPTY_BODY = YES;
				CLANG_WARN_ENUM_CONVERSION = YES;
				CLANG_WARN_INFINITE_RECURSION = YES;
				CLANG_WARN_INT_CONVERSION = YES;
				CLANG_WARN_OBJC_ROOT_CLASS = YES_ERROR;
				CLANG_WARN_SUSPICIOUS_MOVES = YES;
				CLANG_WARN_UNREACHABLE_CODE = YES;
				CLANG_WARN__DUPLICATE_METHOD_MATCH = YES;
				"CODE_SIGN_IDENTITY[sdk=iphoneos*]" = "iPhone Developer";
				COPY_PHASE_STRIP = NO;
				DEBUG_INFORMATION_FORMAT = dwarf;
				ENABLE_STRICT_OBJC_MSGSEND = YES;
				ENABLE_TESTABILITY = YES;
				GCC_C_LANGUAGE_STANDARD = gnu99;
				GCC_DYNAMIC_NO_PIC = NO;
				GCC_NO_COMMON_BLOCKS = YES;
				GCC_OPTIMIZATION_LEVEL = 0;
				GCC_PREPROCESSOR_DEFINITIONS = (
					"DEBUG=1",
					"$(inherited)",
				);
				GCC_WARN_64_TO_32_BIT_CONVERSION = YES;
				GCC_WARN_ABOUT_RETURN_TYPE = YES_ERROR;
				GCC_WARN_UNDECLARED_SELECTOR = YES;
				GCC_WARN_UNINITIALIZED_AUTOS = YES_AGGRESSIVE;
				GCC_WARN_UNUSED_FUNCTION = YES;
				GCC_WARN_UNUSED_VARIABLE = YES;
				IPHONEOS_DEPLOYMENT_TARGET = 10.0;
				MTL_ENABLE_DEBUG_INFO = YES;
				ONLY_ACTIVE_ARCH = YES;
				SDKROOT = iphoneos;
				SWIFT_ACTIVE_COMPILATION_CONDITIONS = DEBUG;
				SWIFT_OPTIMIZATION_LEVEL = "-Onone";
				SWIFT_VERSION = 2.3;
			};
			name = Debug;
		};
		F41355EB1DAEC92B00B4E969 /* Release */ = {
			isa = XCBuildConfiguration;
			buildSettings = {
				ALWAYS_SEARCH_USER_PATHS = NO;
				CLANG_ANALYZER_NONNULL = YES;
				CLANG_CXX_LANGUAGE_STANDARD = "gnu++0x";
				CLANG_CXX_LIBRARY = "libc++";
				CLANG_ENABLE_MODULES = YES;
				CLANG_ENABLE_OBJC_ARC = YES;
				CLANG_WARN_BOOL_CONVERSION = YES;
				CLANG_WARN_CONSTANT_CONVERSION = YES;
				CLANG_WARN_DIRECT_OBJC_ISA_USAGE = YES_ERROR;
				CLANG_WARN_DOCUMENTATION_COMMENTS = YES;
				CLANG_WARN_EMPTY_BODY = YES;
				CLANG_WARN_ENUM_CONVERSION = YES;
				CLANG_WARN_INFINITE_RECURSION = YES;
				CLANG_WARN_INT_CONVERSION = YES;
				CLANG_WARN_OBJC_ROOT_CLASS = YES_ERROR;
				CLANG_WARN_SUSPICIOUS_MOVES = YES;
				CLANG_WARN_UNREACHABLE_CODE = YES;
				CLANG_WARN__DUPLICATE_METHOD_MATCH = YES;
				"CODE_SIGN_IDENTITY[sdk=iphoneos*]" = "iPhone Developer";
				COPY_PHASE_STRIP = NO;
				DEBUG_INFORMATION_FORMAT = "dwarf-with-dsym";
				ENABLE_NS_ASSERTIONS = NO;
				ENABLE_STRICT_OBJC_MSGSEND = YES;
				GCC_C_LANGUAGE_STANDARD = gnu99;
				GCC_NO_COMMON_BLOCKS = YES;
				GCC_WARN_64_TO_32_BIT_CONVERSION = YES;
				GCC_WARN_ABOUT_RETURN_TYPE = YES_ERROR;
				GCC_WARN_UNDECLARED_SELECTOR = YES;
				GCC_WARN_UNINITIALIZED_AUTOS = YES_AGGRESSIVE;
				GCC_WARN_UNUSED_FUNCTION = YES;
				GCC_WARN_UNUSED_VARIABLE = YES;
				IPHONEOS_DEPLOYMENT_TARGET = 10.0;
				MTL_ENABLE_DEBUG_INFO = NO;
				SDKROOT = iphoneos;
				SWIFT_OPTIMIZATION_LEVEL = "-Owholemodule";
				SWIFT_VERSION = 2.3;
				VALIDATE_PRODUCT = YES;
			};
			name = Release;
		};
		F41355ED1DAEC92B00B4E969 /* Debug */ = {
			isa = XCBuildConfiguration;
			baseConfigurationReference = DC1876F5425FB8EBDF71EA28 /* Pods-HTML.debug.xcconfig */;
			buildSettings = {
				ASSETCATALOG_COMPILER_APPICON_NAME = AppIcon;
				FRAMEWORK_SEARCH_PATHS = (
					"$(inherited)",
					"$(PROJECT_DIR)/build/Debug-iphoneos/Kanna",
				);
				INFOPLIST_FILE = HTML/Info.plist;
				LD_RUNPATH_SEARCH_PATHS = "$(inherited) @executable_path/Frameworks";
				PRODUCT_BUNDLE_IDENTIFIER = com.arunsivakumar.HTML;
				PRODUCT_NAME = "$(TARGET_NAME)";
				SWIFT_VERSION = 3.0;
			};
			name = Debug;
		};
		F41355EE1DAEC92B00B4E969 /* Release */ = {
			isa = XCBuildConfiguration;
			baseConfigurationReference = F1BCBB7C99949F7DECDD5B57 /* Pods-HTML.release.xcconfig */;
			buildSettings = {
				ASSETCATALOG_COMPILER_APPICON_NAME = AppIcon;
				FRAMEWORK_SEARCH_PATHS = (
					"$(inherited)",
					"$(PROJECT_DIR)/build/Debug-iphoneos/Kanna",
				);
				INFOPLIST_FILE = HTML/Info.plist;
				LD_RUNPATH_SEARCH_PATHS = "$(inherited) @executable_path/Frameworks";
				PRODUCT_BUNDLE_IDENTIFIER = com.arunsivakumar.HTML;
				PRODUCT_NAME = "$(TARGET_NAME)";
				SWIFT_VERSION = 3.0;
			};
			name = Release;
		};
/* End XCBuildConfiguration section */

/* Begin XCConfigurationList section */
		F41355D51DAEC92B00B4E969 /* Build configuration list for PBXProject "HTML" */ = {
			isa = XCConfigurationList;
			buildConfigurations = (
				F41355EA1DAEC92B00B4E969 /* Debug */,
				F41355EB1DAEC92B00B4E969 /* Release */,
			);
			defaultConfigurationIsVisible = 0;
			defaultConfigurationName = Release;
		};
		F41355EC1DAEC92B00B4E969 /* Build configuration list for PBXNativeTarget "HTML" */ = {
			isa = XCConfigurationList;
			buildConfigurations = (
				F41355ED1DAEC92B00B4E969 /* Debug */,
				F41355EE1DAEC92B00B4E969 /* Release */,
			);
			defaultConfigurationIsVisible = 0;
			defaultConfigurationName = Release;
		};
/* End XCConfigurationList section */
	};
	rootObject = F41355D21DAEC92B00B4E969 /* Project object */;
}
