// !$*UTF8*$!
{
	archiveVersion = 1;
	classes = {
	};
	objectVersion = 50;
	objects = {

/* Begin PBXBuildFile section */
		F45CA8F9216F36730029AFCC /* AppDelegate.swift in Sources */ = {isa = PBXBuildFile; fileRef = F45CA8F8216F36730029AFCC /* AppDelegate.swift */; };
		F45CA8FB216F36730029AFCC /* ViewController.swift in Sources */ = {isa = PBXBuildFile; fileRef = F45CA8FA216F36730029AFCC /* ViewController.swift */; };
		F45CA8FE216F36730029AFCC /* Main.storyboard in Resources */ = {isa = PBXBuildFile; fileRef = F45CA8FC216F36730029AFCC /* Main.storyboard */; };
		F45CA900216F36750029AFCC /* Assets.xcassets in Resources */ = {isa = PBXBuildFile; fileRef = F45CA8FF216F36750029AFCC /* Assets.xcassets */; };
		F45CA903216F36750029AFCC /* LaunchScreen.storyboard in Resources */ = {isa = PBXBuildFile; fileRef = F45CA901216F36750029AFCC /* LaunchScreen.storyboard */; };
		F45CA90B216F36880029AFCC /* MulticastDelegate.swift in Sources */ = {isa = PBXBuildFile; fileRef = F45CA90A216F36880029AFCC /* MulticastDelegate.swift */; };
		F45CA90D216F36B20029AFCC /* Service.swift in Sources */ = {isa = PBXBuildFile; fileRef = F45CA90C216F36B20029AFCC /* Service.swift */; };
		F45CA90F216F37430029AFCC /* ViewController2.swift in Sources */ = {isa = PBXBuildFile; fileRef = F45CA90E216F37430029AFCC /* ViewController2.swift */; };
/* End PBXBuildFile section */

/* Begin PBXFileReference section */
		F45CA8F5216F36730029AFCC /* MultiCast.app */ = {isa = PBXFileReference; explicitFileType = wrapper.application; includeInIndex = 0; path = MultiCast.app; sourceTree = BUILT_PRODUCTS_DIR; };
		F45CA8F8216F36730029AFCC /* AppDelegate.swift */ = {isa = PBXFileReference; lastKnownFileType = sourcecode.swift; path = AppDelegate.swift; sourceTree = "<group>"; };
		F45CA8FA216F36730029AFCC /* ViewController.swift */ = {isa = PBXFileReference; lastKnownFileType = sourcecode.swift; path = ViewController.swift; sourceTree = "<group>"; };
		F45CA8FD216F36730029AFCC /* Base */ = {isa = PBXFileReference; lastKnownFileType = file.storyboard; name = Base; path = Base.lproj/Main.storyboard; sourceTree = "<group>"; };
		F45CA8FF216F36750029AFCC /* Assets.xcassets */ = {isa = PBXFileReference; lastKnownFileType = folder.assetcatalog; path = Assets.xcassets; sourceTree = "<group>"; };
		F45CA902216F36750029AFCC /* Base */ = {isa = PBXFileReference; lastKnownFileType = file.storyboard; name = Base; path = Base.lproj/LaunchScreen.storyboard; sourceTree = "<group>"; };
		F45CA904216F36750029AFCC /* Info.plist */ = {isa = PBXFileReference; lastKnownFileType = text.plist.xml; path = Info.plist; sourceTree = "<group>"; };
		F45CA90A216F36880029AFCC /* MulticastDelegate.swift */ = {isa = PBXFileReference; lastKnownFileType = sourcecode.swift; path = MulticastDelegate.swift; sourceTree = "<group>"; };
		F45CA90C216F36B20029AFCC /* Service.swift */ = {isa = PBXFileReference; lastKnownFileType = sourcecode.swift; path = Service.swift; sourceTree = "<group>"; };
		F45CA90E216F37430029AFCC /* ViewController2.swift */ = {isa = PBXFileReference; lastKnownFileType = sourcecode.swift; path = ViewController2.swift; sourceTree = "<group>"; };
/* End PBXFileReference section */

/* Begin PBXFrameworksBuildPhase section */
		F45CA8F2216F36730029AFCC /* Frameworks */ = {
			isa = PBXFrameworksBuildPhase;
			buildActionMask = 2147483647;
			files = (
			);
			runOnlyForDeploymentPostprocessing = 0;
		};
/* End PBXFrameworksBuildPhase section */

/* Begin PBXGroup section */
		F45CA8EC216F36730029AFCC = {
			isa = PBXGroup;
			children = (
				F45CA8F7216F36730029AFCC /* MultiCast */,
				F45CA8F6216F36730029AFCC /* Products */,
			);
			sourceTree = "<group>";
		};
		F45CA8F6216F36730029AFCC /* Products */ = {
			isa = PBXGroup;
			children = (
				F45CA8F5216F36730029AFCC /* MultiCast.app */,
			);
			name = Products;
			sourceTree = "<group>";
		};
		F45CA8F7216F36730029AFCC /* MultiCast */ = {
			isa = PBXGroup;
			children = (
				F45CA8F8216F36730029AFCC /* AppDelegate.swift */,
				F45CA8FA216F36730029AFCC /* ViewController.swift */,
				F45CA8FC216F36730029AFCC /* Main.storyboard */,
				F45CA8FF216F36750029AFCC /* Assets.xcassets */,
				F45CA901216F36750029AFCC /* LaunchScreen.storyboard */,
				F45CA904216F36750029AFCC /* Info.plist */,
				F45CA90A216F36880029AFCC /* MulticastDelegate.swift */,
				F45CA90C216F36B20029AFCC /* Service.swift */,
				F45CA90E216F37430029AFCC /* ViewController2.swift */,
			);
			path = MultiCast;
			sourceTree = "<group>";
		};
/* End PBXGroup section */

/* Begin PBXNativeTarget section */
		F45CA8F4216F36730029AFCC /* MultiCast */ = {
			isa = PBXNativeTarget;
			buildConfigurationList = F45CA907216F36750029AFCC /* Build configuration list for PBXNativeTarget "MultiCast" */;
			buildPhases = (
				F45CA8F1216F36730029AFCC /* Sources */,
				F45CA8F2216F36730029AFCC /* Frameworks */,
				F45CA8F3216F36730029AFCC /* Resources */,
			);
			buildRules = (
			);
			dependencies = (
			);
			name = MultiCast;
			productName = MultiCast;
			productReference = F45CA8F5216F36730029AFCC /* MultiCast.app */;
			productType = "com.apple.product-type.application";
		};
/* End PBXNativeTarget section */

/* Begin PBXProject section */
		F45CA8ED216F36730029AFCC /* Project object */ = {
			isa = PBXProject;
			attributes = {
				LastSwiftUpdateCheck = 1010;
				LastUpgradeCheck = 1010;
				ORGANIZATIONNAME = "Arun Sivakumar";
				TargetAttributes = {
					F45CA8F4216F36730029AFCC = {
						CreatedOnToolsVersion = 10.1;
					};
				};
			};
			buildConfigurationList = F45CA8F0216F36730029AFCC /* Build configuration list for PBXProject "MultiCast" */;
			compatibilityVersion = "Xcode 9.3";
			developmentRegion = en;
			hasScannedForEncodings = 0;
			knownRegions = (
				en,
				Base,
			);
			mainGroup = F45CA8EC216F36730029AFCC;
			productRefGroup = F45CA8F6216F36730029AFCC /* Products */;
			projectDirPath = "";
			projectRoot = "";
			targets = (
				F45CA8F4216F36730029AFCC /* MultiCast */,
			);
		};
/* End PBXProject section */

/* Begin PBXResourcesBuildPhase section */
		F45CA8F3216F36730029AFCC /* Resources */ = {
			isa = PBXResourcesBuildPhase;
			buildActionMask = 2147483647;
			files = (
				F45CA903216F36750029AFCC /* LaunchScreen.storyboard in Resources */,
				F45CA900216F36750029AFCC /* Assets.xcassets in Resources */,
				F45CA8FE216F36730029AFCC /* Main.storyboard in Resources */,
			);
			runOnlyForDeploymentPostprocessing = 0;
		};
/* End PBXResourcesBuildPhase section */

/* Begin PBXSourcesBuildPhase section */
		F45CA8F1216F36730029AFCC /* Sources */ = {
			isa = PBXSourcesBuildPhase;
			buildActionMask = 2147483647;
			files = (
				F45CA90F216F37430029AFCC /* ViewController2.swift in Sources */,
				F45CA8FB216F36730029AFCC /* ViewController.swift in Sources */,
				F45CA90D216F36B20029AFCC /* Service.swift in Sources */,
				F45CA90B216F36880029AFCC /* MulticastDelegate.swift in Sources */,
				F45CA8F9216F36730029AFCC /* AppDelegate.swift in Sources */,
			);
			runOnlyForDeploymentPostprocessing = 0;
		};
/* End PBXSourcesBuildPhase section */

/* Begin PBXVariantGroup section */
		F45CA8FC216F36730029AFCC /* Main.storyboard */ = {
			isa = PBXVariantGroup;
			children = (
				F45CA8FD216F36730029AFCC /* Base */,
			);
			name = Main.storyboard;
			sourceTree = "<group>";
		};
		F45CA901216F36750029AFCC /* LaunchScreen.storyboard */ = {
			isa = PBXVariantGroup;
			children = (
				F45CA902216F36750029AFCC /* Base */,
			);
			name = LaunchScreen.storyboard;
			sourceTree = "<group>";
		};
/* End PBXVariantGroup section */

/* Begin XCBuildConfiguration section */
		F45CA905216F36750029AFCC /* Debug */ = {
			isa = XCBuildConfiguration;
			buildSettings = {
				ALWAYS_SEARCH_USER_PATHS = NO;
				CLANG_ANALYZER_NONNULL = YES;
				CLANG_ANALYZER_NUMBER_OBJECT_CONVERSION = YES_AGGRESSIVE;
				CLANG_CXX_LANGUAGE_STANDARD = "gnu++14";
				CLANG_CXX_LIBRARY = "libc++";
				CLANG_ENABLE_MODULES = YES;
				CLANG_ENABLE_OBJC_ARC = YES;
				CLANG_ENABLE_OBJC_WEAK = YES;
				CLANG_WARN_BLOCK_CAPTURE_AUTORELEASING = YES;
				CLANG_WARN_BOOL_CONVERSION = YES;
				CLANG_WARN_COMMA = YES;
				CLANG_WARN_CONSTANT_CONVERSION = YES;
				CLANG_WARN_DEPRECATED_OBJC_IMPLEMENTATIONS = YES;
				CLANG_WARN_DIRECT_OBJC_ISA_USAGE = YES_ERROR;
				CLANG_WARN_DOCUMENTATION_COMMENTS = YES;
				CLANG_WARN_EMPTY_BODY = YES;
				CLANG_WARN_ENUM_CONVERSION = YES;
				CLANG_WARN_INFINITE_RECURSION = YES;
				CLANG_WARN_INT_CONVERSION = YES;
				CLANG_WARN_NON_LITERAL_NULL_CONVERSION = YES;
				CLANG_WARN_OBJC_IMPLICIT_RETAIN_SELF = YES;
				CLANG_WARN_OBJC_LITERAL_CONVERSION = YES;
				CLANG_WARN_OBJC_ROOT_CLASS = YES_ERROR;
				CLANG_WARN_RANGE_LOOP_ANALYSIS = YES;
				CLANG_WARN_STRICT_PROTOTYPES = YES;
				CLANG_WARN_SUSPICIOUS_MOVE = YES;
				CLANG_WARN_UNGUARDED_AVAILABILITY = YES_AGGRESSIVE;
				CLANG_WARN_UNREACHABLE_CODE = YES;
				CLANG_WARN__DUPLICATE_METHOD_MATCH = YES;
				CODE_SIGN_IDENTITY = "iPhone Developer";
				COPY_PHASE_STRIP = NO;
				DEBUG_INFORMATION_FORMAT = dwarf;
				ENABLE_STRICT_OBJC_MSGSEND = YES;
				ENABLE_TESTABILITY = YES;
				GCC_C_LANGUAGE_STANDARD = gnu11;
				GCC_DYNAMIC_NO_PIC = NO;
				GCC_NO_COMMON_BLOCKS = YES;
				GCC_OPTIMIZATION_LEVEL = 0;
				GCC_PREPROCESSOR_DEFINITIONS = (
					"DEBUG=1",
					"$(inherited)",
				);
				GCC_WARN_64_TO_32_BIT_CONVERSION = YES;
				GCC_WARN_ABOUT_RETURN_TYPE = YES_ERROR;
				GCC_WARN_UNDECLARED_SELECTOR = YES;
				GCC_WARN_UNINITIALIZED_AUTOS = YES_AGGRESSIVE;
				GCC_WARN_UNUSED_FUNCTION = YES;
				GCC_WARN_UNUSED_VARIABLE = YES;
				IPHONEOS_DEPLOYMENT_TARGET = 12.1;
				MTL_ENABLE_DEBUG_INFO = INCLUDE_SOURCE;
				MTL_FAST_MATH = YES;
				ONLY_ACTIVE_ARCH = YES;
				SDKROOT = iphoneos;
				SWIFT_ACTIVE_COMPILATION_CONDITIONS = DEBUG;
				SWIFT_OPTIMIZATION_LEVEL = "-Onone";
			};
			name = Debug;
		};
		F45CA906216F36750029AFCC /* Release */ = {
			isa = XCBuildConfiguration;
			buildSettings = {
				ALWAYS_SEARCH_USER_PATHS = NO;
				CLANG_ANALYZER_NONNULL = YES;
				CLANG_ANALYZER_NUMBER_OBJECT_CONVERSION = YES_AGGRESSIVE;
				CLANG_CXX_LANGUAGE_STANDARD = "gnu++14";
				CLANG_CXX_LIBRARY = "libc++";
				CLANG_ENABLE_MODULES = YES;
				CLANG_ENABLE_OBJC_ARC = YES;
				CLANG_ENABLE_OBJC_WEAK = YES;
				CLANG_WARN_BLOCK_CAPTURE_AUTORELEASING = YES;
				CLANG_WARN_BOOL_CONVERSION = YES;
				CLANG_WARN_COMMA = YES;
				CLANG_WARN_CONSTANT_CONVERSION = YES;
				CLANG_WARN_DEPRECATED_OBJC_IMPLEMENTATIONS = YES;
				CLANG_WARN_DIRECT_OBJC_ISA_USAGE = YES_ERROR;
				CLANG_WARN_DOCUMENTATION_COMMENTS = YES;
				CLANG_WARN_EMPTY_BODY = YES;
				CLANG_WARN_ENUM_CONVERSION = YES;
				CLANG_WARN_INFINITE_RECURSION = YES;
				CLANG_WARN_INT_CONVERSION = YES;
				CLANG_WARN_NON_LITERAL_NULL_CONVERSION = YES;
				CLANG_WARN_OBJC_IMPLICIT_RETAIN_SELF = YES;
				CLANG_WARN_OBJC_LITERAL_CONVERSION = YES;
				CLANG_WARN_OBJC_ROOT_CLASS = YES_ERROR;
				CLANG_WARN_RANGE_LOOP_ANALYSIS = YES;
				CLANG_WARN_STRICT_PROTOTYPES = YES;
				CLANG_WARN_SUSPICIOUS_MOVE = YES;
				CLANG_WARN_UNGUARDED_AVAILABILITY = YES_AGGRESSIVE;
				CLANG_WARN_UNREACHABLE_CODE = YES;
				CLANG_WARN__DUPLICATE_METHOD_MATCH = YES;
				CODE_SIGN_IDENTITY = "iPhone Developer";
				COPY_PHASE_STRIP = NO;
				DEBUG_INFORMATION_FORMAT = "dwarf-with-dsym";
				ENABLE_NS_ASSERTIONS = NO;
				ENABLE_STRICT_OBJC_MSGSEND = YES;
				GCC_C_LANGUAGE_STANDARD = gnu11;
				GCC_NO_COMMON_BLOCKS = YES;
				GCC_WARN_64_TO_32_BIT_CONVERSION = YES;
				GCC_WARN_ABOUT_RETURN_TYPE = YES_ERROR;
				GCC_WARN_UNDECLARED_SELECTOR = YES;
				GCC_WARN_UNINITIALIZED_AUTOS = YES_AGGRESSIVE;
				GCC_WARN_UNUSED_FUNCTION = YES;
				GCC_WARN_UNUSED_VARIABLE = YES;
				IPHONEOS_DEPLOYMENT_TARGET = 12.1;
				MTL_ENABLE_DEBUG_INFO = NO;
				MTL_FAST_MATH = YES;
				SDKROOT = iphoneos;
				SWIFT_COMPILATION_MODE = wholemodule;
				SWIFT_OPTIMIZATION_LEVEL = "-O";
				VALIDATE_PRODUCT = YES;
			};
			name = Release;
		};
		F45CA908216F36750029AFCC /* Debug */ = {
			isa = XCBuildConfiguration;
			buildSettings = {
				ASSETCATALOG_COMPILER_APPICON_NAME = AppIcon;
				CODE_SIGN_STYLE = Automatic;
				DEVELOPMENT_TEAM = 5Y8LG9HWCS;
				INFOPLIST_FILE = MultiCast/Info.plist;
				LD_RUNPATH_SEARCH_PATHS = (
					"$(inherited)",
					"@executable_path/Frameworks",
				);
				PRODUCT_BUNDLE_IDENTIFIER = com.circles.selfcare.develop.MultiCast;
				PRODUCT_NAME = "$(TARGET_NAME)";
				SWIFT_VERSION = 4.2;
				TARGETED_DEVICE_FAMILY = "1,2";
			};
			name = Debug;
		};
		F45CA909216F36750029AFCC /* Release */ = {
			isa = XCBuildConfiguration;
			buildSettings = {
				ASSETCATALOG_COMPILER_APPICON_NAME = AppIcon;
				CODE_SIGN_STYLE = Automatic;
				DEVELOPMENT_TEAM = 5Y8LG9HWCS;
				INFOPLIST_FILE = MultiCast/Info.plist;
				LD_RUNPATH_SEARCH_PATHS = (
					"$(inherited)",
					"@executable_path/Frameworks",
				);
				PRODUCT_BUNDLE_IDENTIFIER = com.circles.selfcare.develop.MultiCast;
				PRODUCT_NAME = "$(TARGET_NAME)";
				SWIFT_VERSION = 4.2;
				TARGETED_DEVICE_FAMILY = "1,2";
			};
			name = Release;
		};
/* End XCBuildConfiguration section */

/* Begin XCConfigurationList section */
		F45CA8F0216F36730029AFCC /* Build configuration list for PBXProject "MultiCast" */ = {
			isa = XCConfigurationList;
			buildConfigurations = (
				F45CA905216F36750029AFCC /* Debug */,
				F45CA906216F36750029AFCC /* Release */,
			);
			defaultConfigurationIsVisible = 0;
			defaultConfigurationName = Release;
		};
		F45CA907216F36750029AFCC /* Build configuration list for PBXNativeTarget "MultiCast" */ = {
			isa = XCConfigurationList;
			buildConfigurations = (
				F45CA908216F36750029AFCC /* Debug */,
				F45CA909216F36750029AFCC /* Release */,
			);
			defaultConfigurationIsVisible = 0;
			defaultConfigurationName = Release;
		};
/* End XCConfigurationList section */
	};
	rootObject = F45CA8ED216F36730029AFCC /* Project object */;
}
