// !$*UTF8*$!
{
	archiveVersion = 1;
	classes = {
	};
	objectVersion = 50;
	objects = {

/* Begin PBXBuildFile section */
		F463A9942402634700A71F96 /* AppDelegate.swift in Sources */ = {isa = PBXBuildFile; fileRef = F463A9932402634700A71F96 /* AppDelegate.swift */; };
		F463A9962402634700A71F96 /* SceneDelegate.swift in Sources */ = {isa = PBXBuildFile; fileRef = F463A9952402634700A71F96 /* SceneDelegate.swift */; };
		F463A9982402634700A71F96 /* ViewController.swift in Sources */ = {isa = PBXBuildFile; fileRef = F463A9972402634700A71F96 /* ViewController.swift */; };
		F463A99B2402634700A71F96 /* Main.storyboard in Resources */ = {isa = PBXBuildFile; fileRef = F463A9992402634700A71F96 /* Main.storyboard */; };
		F463A99D2402634A00A71F96 /* Assets.xcassets in Resources */ = {isa = PBXBuildFile; fileRef = F463A99C2402634A00A71F96 /* Assets.xcassets */; };
		F463A9A02402634A00A71F96 /* LaunchScreen.storyboard in Resources */ = {isa = PBXBuildFile; fileRef = F463A99E2402634A00A71F96 /* LaunchScreen.storyboard */; };
		F463A9AB2402634A00A71F96 /* MobileDesignSystemsTests.swift in Sources */ = {isa = PBXBuildFile; fileRef = F463A9AA2402634A00A71F96 /* MobileDesignSystemsTests.swift */; };
		F463A9B62402634A00A71F96 /* MobileDesignSystemsUITests.swift in Sources */ = {isa = PBXBuildFile; fileRef = F463A9B52402634A00A71F96 /* MobileDesignSystemsUITests.swift */; };
		F463A9C42402637C00A71F96 /* FontStyle.swift in Sources */ = {isa = PBXBuildFile; fileRef = F463A9C32402637C00A71F96 /* FontStyle.swift */; };
		F463A9C6240269FA00A71F96 /* ColorType.swift in Sources */ = {isa = PBXBuildFile; fileRef = F463A9C5240269FA00A71F96 /* ColorType.swift */; };
		F463A9C82402703300A71F96 /* Spacing.swift in Sources */ = {isa = PBXBuildFile; fileRef = F463A9C72402703300A71F96 /* Spacing.swift */; };
		F463A9CA2402724100A71F96 /* UIButton+Extension.swift in Sources */ = {isa = PBXBuildFile; fileRef = F463A9C92402724100A71F96 /* UIButton+Extension.swift */; };
		F463A9CC240288BA00A71F96 /* UILabel+Extension.swift in Sources */ = {isa = PBXBuildFile; fileRef = F463A9CB240288BA00A71F96 /* UILabel+Extension.swift */; };
/* End PBXBuildFile section */

/* Begin PBXContainerItemProxy section */
		F463A9A72402634A00A71F96 /* PBXContainerItemProxy */ = {
			isa = PBXContainerItemProxy;
			containerPortal = F463A9882402634700A71F96 /* Project object */;
			proxyType = 1;
			remoteGlobalIDString = F463A98F2402634700A71F96;
			remoteInfo = MobileDesignSystems;
		};
		F463A9B22402634A00A71F96 /* PBXContainerItemProxy */ = {
			isa = PBXContainerItemProxy;
			containerPortal = F463A9882402634700A71F96 /* Project object */;
			proxyType = 1;
			remoteGlobalIDString = F463A98F2402634700A71F96;
			remoteInfo = MobileDesignSystems;
		};
/* End PBXContainerItemProxy section */

/* Begin PBXFileReference section */
		F463A9902402634700A71F96 /* MobileDesignSystems.app */ = {isa = PBXFileReference; explicitFileType = wrapper.application; includeInIndex = 0; path = MobileDesignSystems.app; sourceTree = BUILT_PRODUCTS_DIR; };
		F463A9932402634700A71F96 /* AppDelegate.swift */ = {isa = PBXFileReference; lastKnownFileType = sourcecode.swift; path = AppDelegate.swift; sourceTree = "<group>"; };
		F463A9952402634700A71F96 /* SceneDelegate.swift */ = {isa = PBXFileReference; lastKnownFileType = sourcecode.swift; path = SceneDelegate.swift; sourceTree = "<group>"; };
		F463A9972402634700A71F96 /* ViewController.swift */ = {isa = PBXFileReference; lastKnownFileType = sourcecode.swift; path = ViewController.swift; sourceTree = "<group>"; };
		F463A99A2402634700A71F96 /* Base */ = {isa = PBXFileReference; lastKnownFileType = file.storyboard; name = Base; path = Base.lproj/Main.storyboard; sourceTree = "<group>"; };
		F463A99C2402634A00A71F96 /* Assets.xcassets */ = {isa = PBXFileReference; lastKnownFileType = folder.assetcatalog; path = Assets.xcassets; sourceTree = "<group>"; };
		F463A99F2402634A00A71F96 /* Base */ = {isa = PBXFileReference; lastKnownFileType = file.storyboard; name = Base; path = Base.lproj/LaunchScreen.storyboard; sourceTree = "<group>"; };
		F463A9A12402634A00A71F96 /* Info.plist */ = {isa = PBXFileReference; lastKnownFileType = text.plist.xml; path = Info.plist; sourceTree = "<group>"; };
		F463A9A62402634A00A71F96 /* MobileDesignSystemsTests.xctest */ = {isa = PBXFileReference; explicitFileType = wrapper.cfbundle; includeInIndex = 0; path = MobileDesignSystemsTests.xctest; sourceTree = BUILT_PRODUCTS_DIR; };
		F463A9AA2402634A00A71F96 /* MobileDesignSystemsTests.swift */ = {isa = PBXFileReference; lastKnownFileType = sourcecode.swift; path = MobileDesignSystemsTests.swift; sourceTree = "<group>"; };
		F463A9AC2402634A00A71F96 /* Info.plist */ = {isa = PBXFileReference; lastKnownFileType = text.plist.xml; path = Info.plist; sourceTree = "<group>"; };
		F463A9B12402634A00A71F96 /* MobileDesignSystemsUITests.xctest */ = {isa = PBXFileReference; explicitFileType = wrapper.cfbundle; includeInIndex = 0; path = MobileDesignSystemsUITests.xctest; sourceTree = BUILT_PRODUCTS_DIR; };
		F463A9B52402634A00A71F96 /* MobileDesignSystemsUITests.swift */ = {isa = PBXFileReference; lastKnownFileType = sourcecode.swift; path = MobileDesignSystemsUITests.swift; sourceTree = "<group>"; };
		F463A9B72402634A00A71F96 /* Info.plist */ = {isa = PBXFileReference; lastKnownFileType = text.plist.xml; path = Info.plist; sourceTree = "<group>"; };
		F463A9C32402637C00A71F96 /* FontStyle.swift */ = {isa = PBXFileReference; lastKnownFileType = sourcecode.swift; path = FontStyle.swift; sourceTree = "<group>"; };
		F463A9C5240269FA00A71F96 /* ColorType.swift */ = {isa = PBXFileReference; lastKnownFileType = sourcecode.swift; path = ColorType.swift; sourceTree = "<group>"; };
		F463A9C72402703300A71F96 /* Spacing.swift */ = {isa = PBXFileReference; lastKnownFileType = sourcecode.swift; path = Spacing.swift; sourceTree = "<group>"; };
		F463A9C92402724100A71F96 /* UIButton+Extension.swift */ = {isa = PBXFileReference; lastKnownFileType = sourcecode.swift; path = "UIButton+Extension.swift"; sourceTree = "<group>"; };
		F463A9CB240288BA00A71F96 /* UILabel+Extension.swift */ = {isa = PBXFileReference; lastKnownFileType = sourcecode.swift; path = "UILabel+Extension.swift"; sourceTree = "<group>"; };
/* End PBXFileReference section */

/* Begin PBXFrameworksBuildPhase section */
		F463A98D2402634700A71F96 /* Frameworks */ = {
			isa = PBXFrameworksBuildPhase;
			buildActionMask = 2147483647;
			files = (
			);
			runOnlyForDeploymentPostprocessing = 0;
		};
		F463A9A32402634A00A71F96 /* Frameworks */ = {
			isa = PBXFrameworksBuildPhase;
			buildActionMask = 2147483647;
			files = (
			);
			runOnlyForDeploymentPostprocessing = 0;
		};
		F463A9AE2402634A00A71F96 /* Frameworks */ = {
			isa = PBXFrameworksBuildPhase;
			buildActionMask = 2147483647;
			files = (
			);
			runOnlyForDeploymentPostprocessing = 0;
		};
/* End PBXFrameworksBuildPhase section */

/* Begin PBXGroup section */
		F463A9872402634700A71F96 = {
			isa = PBXGroup;
			children = (
				F463A9922402634700A71F96 /* MobileDesignSystems */,
				F463A9A92402634A00A71F96 /* MobileDesignSystemsTests */,
				F463A9B42402634A00A71F96 /* MobileDesignSystemsUITests */,
				F463A9912402634700A71F96 /* Products */,
			);
			sourceTree = "<group>";
		};
		F463A9912402634700A71F96 /* Products */ = {
			isa = PBXGroup;
			children = (
				F463A9902402634700A71F96 /* MobileDesignSystems.app */,
				F463A9A62402634A00A71F96 /* MobileDesignSystemsTests.xctest */,
				F463A9B12402634A00A71F96 /* MobileDesignSystemsUITests.xctest */,
			);
			name = Products;
			sourceTree = "<group>";
		};
		F463A9922402634700A71F96 /* MobileDesignSystems */ = {
			isa = PBXGroup;
			children = (
				F463A9932402634700A71F96 /* AppDelegate.swift */,
				F463A9952402634700A71F96 /* SceneDelegate.swift */,
				F463A9972402634700A71F96 /* ViewController.swift */,
				F463A9992402634700A71F96 /* Main.storyboard */,
				F463A99C2402634A00A71F96 /* Assets.xcassets */,
				F463A99E2402634A00A71F96 /* LaunchScreen.storyboard */,
				F463A9A12402634A00A71F96 /* Info.plist */,
				F463A9C32402637C00A71F96 /* FontStyle.swift */,
				F463A9C5240269FA00A71F96 /* ColorType.swift */,
				F463A9C72402703300A71F96 /* Spacing.swift */,
				F463A9C92402724100A71F96 /* UIButton+Extension.swift */,
				F463A9CB240288BA00A71F96 /* UILabel+Extension.swift */,
			);
			path = MobileDesignSystems;
			sourceTree = "<group>";
		};
		F463A9A92402634A00A71F96 /* MobileDesignSystemsTests */ = {
			isa = PBXGroup;
			children = (
				F463A9AA2402634A00A71F96 /* MobileDesignSystemsTests.swift */,
				F463A9AC2402634A00A71F96 /* Info.plist */,
			);
			path = MobileDesignSystemsTests;
			sourceTree = "<group>";
		};
		F463A9B42402634A00A71F96 /* MobileDesignSystemsUITests */ = {
			isa = PBXGroup;
			children = (
				F463A9B52402634A00A71F96 /* MobileDesignSystemsUITests.swift */,
				F463A9B72402634A00A71F96 /* Info.plist */,
			);
			path = MobileDesignSystemsUITests;
			sourceTree = "<group>";
		};
/* End PBXGroup section */

/* Begin PBXNativeTarget section */
		F463A98F2402634700A71F96 /* MobileDesignSystems */ = {
			isa = PBXNativeTarget;
			buildConfigurationList = F463A9BA2402634A00A71F96 /* Build configuration list for PBXNativeTarget "MobileDesignSystems" */;
			buildPhases = (
				F463A98C2402634700A71F96 /* Sources */,
				F463A98D2402634700A71F96 /* Frameworks */,
				F463A98E2402634700A71F96 /* Resources */,
			);
			buildRules = (
			);
			dependencies = (
			);
			name = MobileDesignSystems;
			productName = MobileDesignSystems;
			productReference = F463A9902402634700A71F96 /* MobileDesignSystems.app */;
			productType = "com.apple.product-type.application";
		};
		F463A9A52402634A00A71F96 /* MobileDesignSystemsTests */ = {
			isa = PBXNativeTarget;
			buildConfigurationList = F463A9BD2402634A00A71F96 /* Build configuration list for PBXNativeTarget "MobileDesignSystemsTests" */;
			buildPhases = (
				F463A9A22402634A00A71F96 /* Sources */,
				F463A9A32402634A00A71F96 /* Frameworks */,
				F463A9A42402634A00A71F96 /* Resources */,
			);
			buildRules = (
			);
			dependencies = (
				F463A9A82402634A00A71F96 /* PBXTargetDependency */,
			);
			name = MobileDesignSystemsTests;
			productName = MobileDesignSystemsTests;
			productReference = F463A9A62402634A00A71F96 /* MobileDesignSystemsTests.xctest */;
			productType = "com.apple.product-type.bundle.unit-test";
		};
		F463A9B02402634A00A71F96 /* MobileDesignSystemsUITests */ = {
			isa = PBXNativeTarget;
			buildConfigurationList = F463A9C02402634A00A71F96 /* Build configuration list for PBXNativeTarget "MobileDesignSystemsUITests" */;
			buildPhases = (
				F463A9AD2402634A00A71F96 /* Sources */,
				F463A9AE2402634A00A71F96 /* Frameworks */,
				F463A9AF2402634A00A71F96 /* Resources */,
			);
			buildRules = (
			);
			dependencies = (
				F463A9B32402634A00A71F96 /* PBXTargetDependency */,
			);
			name = MobileDesignSystemsUITests;
			productName = MobileDesignSystemsUITests;
			productReference = F463A9B12402634A00A71F96 /* MobileDesignSystemsUITests.xctest */;
			productType = "com.apple.product-type.bundle.ui-testing";
		};
/* End PBXNativeTarget section */

/* Begin PBXProject section */
		F463A9882402634700A71F96 /* Project object */ = {
			isa = PBXProject;
			attributes = {
				LastSwiftUpdateCheck = 1120;
				LastUpgradeCheck = 1120;
				ORGANIZATIONNAME = "Arun Sivakumar";
				TargetAttributes = {
					F463A98F2402634700A71F96 = {
						CreatedOnToolsVersion = 11.2.1;
					};
					F463A9A52402634A00A71F96 = {
						CreatedOnToolsVersion = 11.2.1;
						TestTargetID = F463A98F2402634700A71F96;
					};
					F463A9B02402634A00A71F96 = {
						CreatedOnToolsVersion = 11.2.1;
						TestTargetID = F463A98F2402634700A71F96;
					};
				};
			};
			buildConfigurationList = F463A98B2402634700A71F96 /* Build configuration list for PBXProject "MobileDesignSystems" */;
			compatibilityVersion = "Xcode 9.3";
			developmentRegion = en;
			hasScannedForEncodings = 0;
			knownRegions = (
				en,
				Base,
			);
			mainGroup = F463A9872402634700A71F96;
			productRefGroup = F463A9912402634700A71F96 /* Products */;
			projectDirPath = "";
			projectRoot = "";
			targets = (
				F463A98F2402634700A71F96 /* MobileDesignSystems */,
				F463A9A52402634A00A71F96 /* MobileDesignSystemsTests */,
				F463A9B02402634A00A71F96 /* MobileDesignSystemsUITests */,
			);
		};
/* End PBXProject section */

/* Begin PBXResourcesBuildPhase section */
		F463A98E2402634700A71F96 /* Resources */ = {
			isa = PBXResourcesBuildPhase;
			buildActionMask = 2147483647;
			files = (
				F463A9A02402634A00A71F96 /* LaunchScreen.storyboard in Resources */,
				F463A99D2402634A00A71F96 /* Assets.xcassets in Resources */,
				F463A99B2402634700A71F96 /* Main.storyboard in Resources */,
			);
			runOnlyForDeploymentPostprocessing = 0;
		};
		F463A9A42402634A00A71F96 /* Resources */ = {
			isa = PBXResourcesBuildPhase;
			buildActionMask = 2147483647;
			files = (
			);
			runOnlyForDeploymentPostprocessing = 0;
		};
		F463A9AF2402634A00A71F96 /* Resources */ = {
			isa = PBXResourcesBuildPhase;
			buildActionMask = 2147483647;
			files = (
			);
			runOnlyForDeploymentPostprocessing = 0;
		};
/* End PBXResourcesBuildPhase section */

/* Begin PBXSourcesBuildPhase section */
		F463A98C2402634700A71F96 /* Sources */ = {
			isa = PBXSourcesBuildPhase;
			buildActionMask = 2147483647;
			files = (
				F463A9CC240288BA00A71F96 /* UILabel+Extension.swift in Sources */,
				F463A9982402634700A71F96 /* ViewController.swift in Sources */,
				F463A9942402634700A71F96 /* AppDelegate.swift in Sources */,
				F463A9C42402637C00A71F96 /* FontStyle.swift in Sources */,
				F463A9C6240269FA00A71F96 /* ColorType.swift in Sources */,
				F463A9962402634700A71F96 /* SceneDelegate.swift in Sources */,
				F463A9C82402703300A71F96 /* Spacing.swift in Sources */,
				F463A9CA2402724100A71F96 /* UIButton+Extension.swift in Sources */,
			);
			runOnlyForDeploymentPostprocessing = 0;
		};
		F463A9A22402634A00A71F96 /* Sources */ = {
			isa = PBXSourcesBuildPhase;
			buildActionMask = 2147483647;
			files = (
				F463A9AB2402634A00A71F96 /* MobileDesignSystemsTests.swift in Sources */,
			);
			runOnlyForDeploymentPostprocessing = 0;
		};
		F463A9AD2402634A00A71F96 /* Sources */ = {
			isa = PBXSourcesBuildPhase;
			buildActionMask = 2147483647;
			files = (
				F463A9B62402634A00A71F96 /* MobileDesignSystemsUITests.swift in Sources */,
			);
			runOnlyForDeploymentPostprocessing = 0;
		};
/* End PBXSourcesBuildPhase section */

/* Begin PBXTargetDependency section */
		F463A9A82402634A00A71F96 /* PBXTargetDependency */ = {
			isa = PBXTargetDependency;
			target = F463A98F2402634700A71F96 /* MobileDesignSystems */;
			targetProxy = F463A9A72402634A00A71F96 /* PBXContainerItemProxy */;
		};
		F463A9B32402634A00A71F96 /* PBXTargetDependency */ = {
			isa = PBXTargetDependency;
			target = F463A98F2402634700A71F96 /* MobileDesignSystems */;
			targetProxy = F463A9B22402634A00A71F96 /* PBXContainerItemProxy */;
		};
/* End PBXTargetDependency section */

/* Begin PBXVariantGroup section */
		F463A9992402634700A71F96 /* Main.storyboard */ = {
			isa = PBXVariantGroup;
			children = (
				F463A99A2402634700A71F96 /* Base */,
			);
			name = Main.storyboard;
			sourceTree = "<group>";
		};
		F463A99E2402634A00A71F96 /* LaunchScreen.storyboard */ = {
			isa = PBXVariantGroup;
			children = (
				F463A99F2402634A00A71F96 /* Base */,
			);
			name = LaunchScreen.storyboard;
			sourceTree = "<group>";
		};
/* End PBXVariantGroup section */

/* Begin XCBuildConfiguration section */
		F463A9B82402634A00A71F96 /* Debug */ = {
			isa = XCBuildConfiguration;
			buildSettings = {
				ALWAYS_SEARCH_USER_PATHS = NO;
				CLANG_ANALYZER_NONNULL = YES;
				CLANG_ANALYZER_NUMBER_OBJECT_CONVERSION = YES_AGGRESSIVE;
				CLANG_CXX_LANGUAGE_STANDARD = "gnu++14";
				CLANG_CXX_LIBRARY = "libc++";
				CLANG_ENABLE_MODULES = YES;
				CLANG_ENABLE_OBJC_ARC = YES;
				CLANG_ENABLE_OBJC_WEAK = YES;
				CLANG_WARN_BLOCK_CAPTURE_AUTORELEASING = YES;
				CLANG_WARN_BOOL_CONVERSION = YES;
				CLANG_WARN_COMMA = YES;
				CLANG_WARN_CONSTANT_CONVERSION = YES;
				CLANG_WARN_DEPRECATED_OBJC_IMPLEMENTATIONS = YES;
				CLANG_WARN_DIRECT_OBJC_ISA_USAGE = YES_ERROR;
				CLANG_WARN_DOCUMENTATION_COMMENTS = YES;
				CLANG_WARN_EMPTY_BODY = YES;
				CLANG_WARN_ENUM_CONVERSION = YES;
				CLANG_WARN_INFINITE_RECURSION = YES;
				CLANG_WARN_INT_CONVERSION = YES;
				CLANG_WARN_NON_LITERAL_NULL_CONVERSION = YES;
				CLANG_WARN_OBJC_IMPLICIT_RETAIN_SELF = YES;
				CLANG_WARN_OBJC_LITERAL_CONVERSION = YES;
				CLANG_WARN_OBJC_ROOT_CLASS = YES_ERROR;
				CLANG_WARN_RANGE_LOOP_ANALYSIS = YES;
				CLANG_WARN_STRICT_PROTOTYPES = YES;
				CLANG_WARN_SUSPICIOUS_MOVE = YES;
				CLANG_WARN_UNGUARDED_AVAILABILITY = YES_AGGRESSIVE;
				CLANG_WARN_UNREACHABLE_CODE = YES;
				CLANG_WARN__DUPLICATE_METHOD_MATCH = YES;
				COPY_PHASE_STRIP = NO;
				DEBUG_INFORMATION_FORMAT = dwarf;
				ENABLE_STRICT_OBJC_MSGSEND = YES;
				ENABLE_TESTABILITY = YES;
				GCC_C_LANGUAGE_STANDARD = gnu11;
				GCC_DYNAMIC_NO_PIC = NO;
				GCC_NO_COMMON_BLOCKS = YES;
				GCC_OPTIMIZATION_LEVEL = 0;
				GCC_PREPROCESSOR_DEFINITIONS = (
					"DEBUG=1",
					"$(inherited)",
				);
				GCC_WARN_64_TO_32_BIT_CONVERSION = YES;
				GCC_WARN_ABOUT_RETURN_TYPE = YES_ERROR;
				GCC_WARN_UNDECLARED_SELECTOR = YES;
				GCC_WARN_UNINITIALIZED_AUTOS = YES_AGGRESSIVE;
				GCC_WARN_UNUSED_FUNCTION = YES;
				GCC_WARN_UNUSED_VARIABLE = YES;
				IPHONEOS_DEPLOYMENT_TARGET = 13.2;
				MTL_ENABLE_DEBUG_INFO = INCLUDE_SOURCE;
				MTL_FAST_MATH = YES;
				ONLY_ACTIVE_ARCH = YES;
				SDKROOT = iphoneos;
				SWIFT_ACTIVE_COMPILATION_CONDITIONS = DEBUG;
				SWIFT_OPTIMIZATION_LEVEL = "-Onone";
			};
			name = Debug;
		};
		F463A9B92402634A00A71F96 /* Release */ = {
			isa = XCBuildConfiguration;
			buildSettings = {
				ALWAYS_SEARCH_USER_PATHS = NO;
				CLANG_ANALYZER_NONNULL = YES;
				CLANG_ANALYZER_NUMBER_OBJECT_CONVERSION = YES_AGGRESSIVE;
				CLANG_CXX_LANGUAGE_STANDARD = "gnu++14";
				CLANG_CXX_LIBRARY = "libc++";
				CLANG_ENABLE_MODULES = YES;
				CLANG_ENABLE_OBJC_ARC = YES;
				CLANG_ENABLE_OBJC_WEAK = YES;
				CLANG_WARN_BLOCK_CAPTURE_AUTORELEASING = YES;
				CLANG_WARN_BOOL_CONVERSION = YES;
				CLANG_WARN_COMMA = YES;
				CLANG_WARN_CONSTANT_CONVERSION = YES;
				CLANG_WARN_DEPRECATED_OBJC_IMPLEMENTATIONS = YES;
				CLANG_WARN_DIRECT_OBJC_ISA_USAGE = YES_ERROR;
				CLANG_WARN_DOCUMENTATION_COMMENTS = YES;
				CLANG_WARN_EMPTY_BODY = YES;
				CLANG_WARN_ENUM_CONVERSION = YES;
				CLANG_WARN_INFINITE_RECURSION = YES;
				CLANG_WARN_INT_CONVERSION = YES;
				CLANG_WARN_NON_LITERAL_NULL_CONVERSION = YES;
				CLANG_WARN_OBJC_IMPLICIT_RETAIN_SELF = YES;
				CLANG_WARN_OBJC_LITERAL_CONVERSION = YES;
				CLANG_WARN_OBJC_ROOT_CLASS = YES_ERROR;
				CLANG_WARN_RANGE_LOOP_ANALYSIS = YES;
				CLANG_WARN_STRICT_PROTOTYPES = YES;
				CLANG_WARN_SUSPICIOUS_MOVE = YES;
				CLANG_WARN_UNGUARDED_AVAILABILITY = YES_AGGRESSIVE;
				CLANG_WARN_UNREACHABLE_CODE = YES;
				CLANG_WARN__DUPLICATE_METHOD_MATCH = YES;
				COPY_PHASE_STRIP = NO;
				DEBUG_INFORMATION_FORMAT = "dwarf-with-dsym";
				ENABLE_NS_ASSERTIONS = NO;
				ENABLE_STRICT_OBJC_MSGSEND = YES;
				GCC_C_LANGUAGE_STANDARD = gnu11;
				GCC_NO_COMMON_BLOCKS = YES;
				GCC_WARN_64_TO_32_BIT_CONVERSION = YES;
				GCC_WARN_ABOUT_RETURN_TYPE = YES_ERROR;
				GCC_WARN_UNDECLARED_SELECTOR = YES;
				GCC_WARN_UNINITIALIZED_AUTOS = YES_AGGRESSIVE;
				GCC_WARN_UNUSED_FUNCTION = YES;
				GCC_WARN_UNUSED_VARIABLE = YES;
				IPHONEOS_DEPLOYMENT_TARGET = 13.2;
				MTL_ENABLE_DEBUG_INFO = NO;
				MTL_FAST_MATH = YES;
				SDKROOT = iphoneos;
				SWIFT_COMPILATION_MODE = wholemodule;
				SWIFT_OPTIMIZATION_LEVEL = "-O";
				VALIDATE_PRODUCT = YES;
			};
			name = Release;
		};
		F463A9BB2402634A00A71F96 /* Debug */ = {
			isa = XCBuildConfiguration;
			buildSettings = {
				ASSETCATALOG_COMPILER_APPICON_NAME = AppIcon;
				CODE_SIGN_STYLE = Automatic;
				INFOPLIST_FILE = MobileDesignSystems/Info.plist;
				LD_RUNPATH_SEARCH_PATHS = (
					"$(inherited)",
					"@executable_path/Frameworks",
				);
				PRODUCT_BUNDLE_IDENTIFIER = com.arunsivakumar.MobileDesignSystems;
				PRODUCT_NAME = "$(TARGET_NAME)";
				SWIFT_VERSION = 5.0;
				TARGETED_DEVICE_FAMILY = "1,2";
			};
			name = Debug;
		};
		F463A9BC2402634A00A71F96 /* Release */ = {
			isa = XCBuildConfiguration;
			buildSettings = {
				ASSETCATALOG_COMPILER_APPICON_NAME = AppIcon;
				CODE_SIGN_STYLE = Automatic;
				INFOPLIST_FILE = MobileDesignSystems/Info.plist;
				LD_RUNPATH_SEARCH_PATHS = (
					"$(inherited)",
					"@executable_path/Frameworks",
				);
				PRODUCT_BUNDLE_IDENTIFIER = com.arunsivakumar.MobileDesignSystems;
				PRODUCT_NAME = "$(TARGET_NAME)";
				SWIFT_VERSION = 5.0;
				TARGETED_DEVICE_FAMILY = "1,2";
			};
			name = Release;
		};
		F463A9BE2402634A00A71F96 /* Debug */ = {
			isa = XCBuildConfiguration;
			buildSettings = {
				ALWAYS_EMBED_SWIFT_STANDARD_LIBRARIES = YES;
				BUNDLE_LOADER = "$(TEST_HOST)";
				CODE_SIGN_STYLE = Automatic;
				INFOPLIST_FILE = MobileDesignSystemsTests/Info.plist;
				IPHONEOS_DEPLOYMENT_TARGET = 13.2;
				LD_RUNPATH_SEARCH_PATHS = (
					"$(inherited)",
					"@executable_path/Frameworks",
					"@loader_path/Frameworks",
				);
				PRODUCT_BUNDLE_IDENTIFIER = com.arunsivakumar.MobileDesignSystemsTests;
				PRODUCT_NAME = "$(TARGET_NAME)";
				SWIFT_VERSION = 5.0;
				TARGETED_DEVICE_FAMILY = "1,2";
				TEST_HOST = "$(BUILT_PRODUCTS_DIR)/MobileDesignSystems.app/MobileDesignSystems";
			};
			name = Debug;
		};
		F463A9BF2402634A00A71F96 /* Release */ = {
			isa = XCBuildConfiguration;
			buildSettings = {
				ALWAYS_EMBED_SWIFT_STANDARD_LIBRARIES = YES;
				BUNDLE_LOADER = "$(TEST_HOST)";
				CODE_SIGN_STYLE = Automatic;
				INFOPLIST_FILE = MobileDesignSystemsTests/Info.plist;
				IPHONEOS_DEPLOYMENT_TARGET = 13.2;
				LD_RUNPATH_SEARCH_PATHS = (
					"$(inherited)",
					"@executable_path/Frameworks",
					"@loader_path/Frameworks",
				);
				PRODUCT_BUNDLE_IDENTIFIER = com.arunsivakumar.MobileDesignSystemsTests;
				PRODUCT_NAME = "$(TARGET_NAME)";
				SWIFT_VERSION = 5.0;
				TARGETED_DEVICE_FAMILY = "1,2";
				TEST_HOST = "$(BUILT_PRODUCTS_DIR)/MobileDesignSystems.app/MobileDesignSystems";
			};
			name = Release;
		};
		F463A9C12402634A00A71F96 /* Debug */ = {
			isa = XCBuildConfiguration;
			buildSettings = {
				ALWAYS_EMBED_SWIFT_STANDARD_LIBRARIES = YES;
				CODE_SIGN_STYLE = Automatic;
				INFOPLIST_FILE = MobileDesignSystemsUITests/Info.plist;
				LD_RUNPATH_SEARCH_PATHS = (
					"$(inherited)",
					"@executable_path/Frameworks",
					"@loader_path/Frameworks",
				);
				PRODUCT_BUNDLE_IDENTIFIER = com.arunsivakumar.MobileDesignSystemsUITests;
				PRODUCT_NAME = "$(TARGET_NAME)";
				SWIFT_VERSION = 5.0;
				TARGETED_DEVICE_FAMILY = "1,2";
				TEST_TARGET_NAME = MobileDesignSystems;
			};
			name = Debug;
		};
		F463A9C22402634A00A71F96 /* Release */ = {
			isa = XCBuildConfiguration;
			buildSettings = {
				ALWAYS_EMBED_SWIFT_STANDARD_LIBRARIES = YES;
				CODE_SIGN_STYLE = Automatic;
				INFOPLIST_FILE = MobileDesignSystemsUITests/Info.plist;
				LD_RUNPATH_SEARCH_PATHS = (
					"$(inherited)",
					"@executable_path/Frameworks",
					"@loader_path/Frameworks",
				);
				PRODUCT_BUNDLE_IDENTIFIER = com.arunsivakumar.MobileDesignSystemsUITests;
				PRODUCT_NAME = "$(TARGET_NAME)";
				SWIFT_VERSION = 5.0;
				TARGETED_DEVICE_FAMILY = "1,2";
				TEST_TARGET_NAME = MobileDesignSystems;
			};
			name = Release;
		};
/* End XCBuildConfiguration section */

/* Begin XCConfigurationList section */
		F463A98B2402634700A71F96 /* Build configuration list for PBXProject "MobileDesignSystems" */ = {
			isa = XCConfigurationList;
			buildConfigurations = (
				F463A9B82402634A00A71F96 /* Debug */,
				F463A9B92402634A00A71F96 /* Release */,
			);
			defaultConfigurationIsVisible = 0;
			defaultConfigurationName = Release;
		};
		F463A9BA2402634A00A71F96 /* Build configuration list for PBXNativeTarget "MobileDesignSystems" */ = {
			isa = XCConfigurationList;
			buildConfigurations = (
				F463A9BB2402634A00A71F96 /* Debug */,
				F463A9BC2402634A00A71F96 /* Release */,
			);
			defaultConfigurationIsVisible = 0;
			defaultConfigurationName = Release;
		};
		F463A9BD2402634A00A71F96 /* Build configuration list for PBXNativeTarget "MobileDesignSystemsTests" */ = {
			isa = XCConfigurationList;
			buildConfigurations = (
				F463A9BE2402634A00A71F96 /* Debug */,
				F463A9BF2402634A00A71F96 /* Release */,
			);
			defaultConfigurationIsVisible = 0;
			defaultConfigurationName = Release;
		};
		F463A9C02402634A00A71F96 /* Build configuration list for PBXNativeTarget "MobileDesignSystemsUITests" */ = {
			isa = XCConfigurationList;
			buildConfigurations = (
				F463A9C12402634A00A71F96 /* Debug */,
				F463A9C22402634A00A71F96 /* Release */,
			);
			defaultConfigurationIsVisible = 0;
			defaultConfigurationName = Release;
		};
/* End XCConfigurationList section */
	};
	rootObject = F463A9882402634700A71F96 /* Project object */;
}
