// !$*UTF8*$!
{
	archiveVersion = 1;
	classes = {
	};
	objectVersion = 46;
	objects = {

/* Begin PBXBuildFile section */
		F4079C961E6738F50067AEC4 /* AppDelegate.swift in Sources */ = {isa = PBXBuildFile; fileRef = F4079C951E6738F50067AEC4 /* AppDelegate.swift */; };
		F4079C981E6738F50067AEC4 /* ViewController.swift in Sources */ = {isa = PBXBuildFile; fileRef = F4079C971E6738F50067AEC4 /* ViewController.swift */; };
		F4079C9B1E6738F50067AEC4 /* Main.storyboard in Resources */ = {isa = PBXBuildFile; fileRef = F4079C991E6738F50067AEC4 /* Main.storyboard */; };
		F4079C9E1E6738F50067AEC4 /* HitList.xcdatamodeld in Sources */ = {isa = PBXBuildFile; fileRef = F4079C9C1E6738F50067AEC4 /* HitList.xcdatamodeld */; };
		F4079CA01E6738F50067AEC4 /* Assets.xcassets in Resources */ = {isa = PBXBuildFile; fileRef = F4079C9F1E6738F50067AEC4 /* Assets.xcassets */; };
		F4079CA31E6738F50067AEC4 /* LaunchScreen.storyboard in Resources */ = {isa = PBXBuildFile; fileRef = F4079CA11E6738F50067AEC4 /* LaunchScreen.storyboard */; };
/* End PBXBuildFile section */

/* Begin PBXFileReference section */
		F4079C921E6738F50067AEC4 /* HitList.app */ = {isa = PBXFileReference; explicitFileType = wrapper.application; includeInIndex = 0; path = HitList.app; sourceTree = BUILT_PRODUCTS_DIR; };
		F4079C951E6738F50067AEC4 /* AppDelegate.swift */ = {isa = PBXFileReference; lastKnownFileType = sourcecode.swift; path = AppDelegate.swift; sourceTree = "<group>"; };
		F4079C971E6738F50067AEC4 /* ViewController.swift */ = {isa = PBXFileReference; lastKnownFileType = sourcecode.swift; path = ViewController.swift; sourceTree = "<group>"; };
		F4079C9A1E6738F50067AEC4 /* Base */ = {isa = PBXFileReference; lastKnownFileType = file.storyboard; name = Base; path = Base.lproj/Main.storyboard; sourceTree = "<group>"; };
		F4079C9D1E6738F50067AEC4 /* HitList.xcdatamodel */ = {isa = PBXFileReference; lastKnownFileType = wrapper.xcdatamodel; path = HitList.xcdatamodel; sourceTree = "<group>"; };
		F4079C9F1E6738F50067AEC4 /* Assets.xcassets */ = {isa = PBXFileReference; lastKnownFileType = folder.assetcatalog; path = Assets.xcassets; sourceTree = "<group>"; };
		F4079CA21E6738F50067AEC4 /* Base */ = {isa = PBXFileReference; lastKnownFileType = file.storyboard; name = Base; path = Base.lproj/LaunchScreen.storyboard; sourceTree = "<group>"; };
		F4079CA41E6738F50067AEC4 /* Info.plist */ = {isa = PBXFileReference; lastKnownFileType = text.plist.xml; path = Info.plist; sourceTree = "<group>"; };
/* End PBXFileReference section */

/* Begin PBXFrameworksBuildPhase section */
		F4079C8F1E6738F50067AEC4 /* Frameworks */ = {
			isa = PBXFrameworksBuildPhase;
			buildActionMask = 2147483647;
			files = (
			);
			runOnlyForDeploymentPostprocessing = 0;
		};
/* End PBXFrameworksBuildPhase section */

/* Begin PBXGroup section */
		F4079C891E6738F50067AEC4 = {
			isa = PBXGroup;
			children = (
				F4079C941E6738F50067AEC4 /* HitList */,
				F4079C931E6738F50067AEC4 /* Products */,
			);
			sourceTree = "<group>";
		};
		F4079C931E6738F50067AEC4 /* Products */ = {
			isa = PBXGroup;
			children = (
				F4079C921E6738F50067AEC4 /* HitList.app */,
			);
			name = Products;
			sourceTree = "<group>";
		};
		F4079C941E6738F50067AEC4 /* HitList */ = {
			isa = PBXGroup;
			children = (
				F4079C951E6738F50067AEC4 /* AppDelegate.swift */,
				F4079C971E6738F50067AEC4 /* ViewController.swift */,
				F4079C991E6738F50067AEC4 /* Main.storyboard */,
				F4079C9F1E6738F50067AEC4 /* Assets.xcassets */,
				F4079CA11E6738F50067AEC4 /* LaunchScreen.storyboard */,
				F4079CA41E6738F50067AEC4 /* Info.plist */,
				F4079C9C1E6738F50067AEC4 /* HitList.xcdatamodeld */,
			);
			path = HitList;
			sourceTree = "<group>";
		};
/* End PBXGroup section */

/* Begin PBXNativeTarget section */
		F4079C911E6738F50067AEC4 /* HitList */ = {
			isa = PBXNativeTarget;
			buildConfigurationList = F4079CA71E6738F50067AEC4 /* Build configuration list for PBXNativeTarget "HitList" */;
			buildPhases = (
				F4079C8E1E6738F50067AEC4 /* Sources */,
				F4079C8F1E6738F50067AEC4 /* Frameworks */,
				F4079C901E6738F50067AEC4 /* Resources */,
			);
			buildRules = (
			);
			dependencies = (
			);
			name = HitList;
			productName = HitList;
			productReference = F4079C921E6738F50067AEC4 /* HitList.app */;
			productType = "com.apple.product-type.application";
		};
/* End PBXNativeTarget section */

/* Begin PBXProject section */
		F4079C8A1E6738F50067AEC4 /* Project object */ = {
			isa = PBXProject;
			attributes = {
				LastSwiftUpdateCheck = 0820;
				LastUpgradeCheck = 0820;
				ORGANIZATIONNAME = "Arun Sivakumar";
				TargetAttributes = {
					F4079C911E6738F50067AEC4 = {
						CreatedOnToolsVersion = 8.2.1;
						DevelopmentTeam = 342KW2GQV5;
						ProvisioningStyle = Automatic;
					};
				};
			};
			buildConfigurationList = F4079C8D1E6738F50067AEC4 /* Build configuration list for PBXProject "HitList" */;
			compatibilityVersion = "Xcode 3.2";
			developmentRegion = English;
			hasScannedForEncodings = 0;
			knownRegions = (
				en,
				Base,
			);
			mainGroup = F4079C891E6738F50067AEC4;
			productRefGroup = F4079C931E6738F50067AEC4 /* Products */;
			projectDirPath = "";
			projectRoot = "";
			targets = (
				F4079C911E6738F50067AEC4 /* HitList */,
			);
		};
/* End PBXProject section */

/* Begin PBXResourcesBuildPhase section */
		F4079C901E6738F50067AEC4 /* Resources */ = {
			isa = PBXResourcesBuildPhase;
			buildActionMask = 2147483647;
			files = (
				F4079CA31E6738F50067AEC4 /* LaunchScreen.storyboard in Resources */,
				F4079CA01E6738F50067AEC4 /* Assets.xcassets in Resources */,
				F4079C9B1E6738F50067AEC4 /* Main.storyboard in Resources */,
			);
			runOnlyForDeploymentPostprocessing = 0;
		};
/* End PBXResourcesBuildPhase section */

/* Begin PBXSourcesBuildPhase section */
		F4079C8E1E6738F50067AEC4 /* Sources */ = {
			isa = PBXSourcesBuildPhase;
			buildActionMask = 2147483647;
			files = (
				F4079C9E1E6738F50067AEC4 /* HitList.xcdatamodeld in Sources */,
				F4079C981E6738F50067AEC4 /* ViewController.swift in Sources */,
				F4079C961E6738F50067AEC4 /* AppDelegate.swift in Sources */,
			);
			runOnlyForDeploymentPostprocessing = 0;
		};
/* End PBXSourcesBuildPhase section */

/* Begin PBXVariantGroup section */
		F4079C991E6738F50067AEC4 /* Main.storyboard */ = {
			isa = PBXVariantGroup;
			children = (
				F4079C9A1E6738F50067AEC4 /* Base */,
			);
			name = Main.storyboard;
			sourceTree = "<group>";
		};
		F4079CA11E6738F50067AEC4 /* LaunchScreen.storyboard */ = {
			isa = PBXVariantGroup;
			children = (
				F4079CA21E6738F50067AEC4 /* Base */,
			);
			name = LaunchScreen.storyboard;
			sourceTree = "<group>";
		};
/* End PBXVariantGroup section */

/* Begin XCBuildConfiguration section */
		F4079CA51E6738F50067AEC4 /* Debug */ = {
			isa = XCBuildConfiguration;
			buildSettings = {
				ALWAYS_SEARCH_USER_PATHS = NO;
				CLANG_ANALYZER_NONNULL = YES;
				CLANG_CXX_LANGUAGE_STANDARD = "gnu++0x";
				CLANG_CXX_LIBRARY = "libc++";
				CLANG_ENABLE_MODULES = YES;
				CLANG_ENABLE_OBJC_ARC = YES;
				CLANG_WARN_BOOL_CONVERSION = YES;
				CLANG_WARN_CONSTANT_CONVERSION = YES;
				CLANG_WARN_DIRECT_OBJC_ISA_USAGE = YES_ERROR;
				CLANG_WARN_DOCUMENTATION_COMMENTS = YES;
				CLANG_WARN_EMPTY_BODY = YES;
				CLANG_WARN_ENUM_CONVERSION = YES;
				CLANG_WARN_INFINITE_RECURSION = YES;
				CLANG_WARN_INT_CONVERSION = YES;
				CLANG_WARN_OBJC_ROOT_CLASS = YES_ERROR;
				CLANG_WARN_SUSPICIOUS_MOVE = YES;
				CLANG_WARN_UNREACHABLE_CODE = YES;
				CLANG_WARN__DUPLICATE_METHOD_MATCH = YES;
				"CODE_SIGN_IDENTITY[sdk=iphoneos*]" = "iPhone Developer";
				COPY_PHASE_STRIP = NO;
				DEBUG_INFORMATION_FORMAT = dwarf;
				ENABLE_STRICT_OBJC_MSGSEND = YES;
				ENABLE_TESTABILITY = YES;
				GCC_C_LANGUAGE_STANDARD = gnu99;
				GCC_DYNAMIC_NO_PIC = NO;
				GCC_NO_COMMON_BLOCKS = YES;
				GCC_OPTIMIZATION_LEVEL = 0;
				GCC_PREPROCESSOR_DEFINITIONS = (
					"DEBUG=1",
					"$(inherited)",
				);
				GCC_WARN_64_TO_32_BIT_CONVERSION = YES;
				GCC_WARN_ABOUT_RETURN_TYPE = YES_ERROR;
				GCC_WARN_UNDECLARED_SELECTOR = YES;
				GCC_WARN_UNINITIALIZED_AUTOS = YES_AGGRESSIVE;
				GCC_WARN_UNUSED_FUNCTION = YES;
				GCC_WARN_UNUSED_VARIABLE = YES;
				IPHONEOS_DEPLOYMENT_TARGET = 10.2;
				MTL_ENABLE_DEBUG_INFO = YES;
				ONLY_ACTIVE_ARCH = YES;
				SDKROOT = iphoneos;
				SWIFT_ACTIVE_COMPILATION_CONDITIONS = DEBUG;
				SWIFT_OPTIMIZATION_LEVEL = "-Onone";
			};
			name = Debug;
		};
		F4079CA61E6738F50067AEC4 /* Release */ = {
			isa = XCBuildConfiguration;
			buildSettings = {
				ALWAYS_SEARCH_USER_PATHS = NO;
				CLANG_ANALYZER_NONNULL = YES;
				CLANG_CXX_LANGUAGE_STANDARD = "gnu++0x";
				CLANG_CXX_LIBRARY = "libc++";
				CLANG_ENABLE_MODULES = YES;
				CLANG_ENABLE_OBJC_ARC = YES;
				CLANG_WARN_BOOL_CONVERSION = YES;
				CLANG_WARN_CONSTANT_CONVERSION = YES;
				CLANG_WARN_DIRECT_OBJC_ISA_USAGE = YES_ERROR;
				CLANG_WARN_DOCUMENTATION_COMMENTS = YES;
				CLANG_WARN_EMPTY_BODY = YES;
				CLANG_WARN_ENUM_CONVERSION = YES;
				CLANG_WARN_INFINITE_RECURSION = YES;
				CLANG_WARN_INT_CONVERSION = YES;
				CLANG_WARN_OBJC_ROOT_CLASS = YES_ERROR;
				CLANG_WARN_SUSPICIOUS_MOVE = YES;
				CLANG_WARN_UNREACHABLE_CODE = YES;
				CLANG_WARN__DUPLICATE_METHOD_MATCH = YES;
				"CODE_SIGN_IDENTITY[sdk=iphoneos*]" = "iPhone Developer";
				COPY_PHASE_STRIP = NO;
				DEBUG_INFORMATION_FORMAT = "dwarf-with-dsym";
				ENABLE_NS_ASSERTIONS = NO;
				ENABLE_STRICT_OBJC_MSGSEND = YES;
				GCC_C_LANGUAGE_STANDARD = gnu99;
				GCC_NO_COMMON_BLOCKS = YES;
				GCC_WARN_64_TO_32_BIT_CONVERSION = YES;
				GCC_WARN_ABOUT_RETURN_TYPE = YES_ERROR;
				GCC_WARN_UNDECLARED_SELECTOR = YES;
				GCC_WARN_UNINITIALIZED_AUTOS = YES_AGGRESSIVE;
				GCC_WARN_UNUSED_FUNCTION = YES;
				GCC_WARN_UNUSED_VARIABLE = YES;
				IPHONEOS_DEPLOYMENT_TARGET = 10.2;
				MTL_ENABLE_DEBUG_INFO = NO;
				SDKROOT = iphoneos;
				SWIFT_OPTIMIZATION_LEVEL = "-Owholemodule";
				VALIDATE_PRODUCT = YES;
			};
			name = Release;
		};
		F4079CA81E6738F50067AEC4 /* Debug */ = {
			isa = XCBuildConfiguration;
			buildSettings = {
				ASSETCATALOG_COMPILER_APPICON_NAME = AppIcon;
				DEVELOPMENT_TEAM = 342KW2GQV5;
				INFOPLIST_FILE = HitList/Info.plist;
				LD_RUNPATH_SEARCH_PATHS = "$(inherited) @executable_path/Frameworks";
				PRODUCT_BUNDLE_IDENTIFIER = com.arunsivakumar.HitList;
				PRODUCT_NAME = "$(TARGET_NAME)";
				SWIFT_VERSION = 3.0;
			};
			name = Debug;
		};
		F4079CA91E6738F50067AEC4 /* Release */ = {
			isa = XCBuildConfiguration;
			buildSettings = {
				ASSETCATALOG_COMPILER_APPICON_NAME = AppIcon;
				DEVELOPMENT_TEAM = 342KW2GQV5;
				INFOPLIST_FILE = HitList/Info.plist;
				LD_RUNPATH_SEARCH_PATHS = "$(inherited) @executable_path/Frameworks";
				PRODUCT_BUNDLE_IDENTIFIER = com.arunsivakumar.HitList;
				PRODUCT_NAME = "$(TARGET_NAME)";
				SWIFT_VERSION = 3.0;
			};
			name = Release;
		};
/* End XCBuildConfiguration section */

/* Begin XCConfigurationList section */
		F4079C8D1E6738F50067AEC4 /* Build configuration list for PBXProject "HitList" */ = {
			isa = XCConfigurationList;
			buildConfigurations = (
				F4079CA51E6738F50067AEC4 /* Debug */,
				F4079CA61E6738F50067AEC4 /* Release */,
			);
			defaultConfigurationIsVisible = 0;
			defaultConfigurationName = Release;
		};
		F4079CA71E6738F50067AEC4 /* Build configuration list for PBXNativeTarget "HitList" */ = {
			isa = XCConfigurationList;
			buildConfigurations = (
				F4079CA81E6738F50067AEC4 /* Debug */,
				F4079CA91E6738F50067AEC4 /* Release */,
			);
			defaultConfigurationIsVisible = 0;
		};
/* End XCConfigurationList section */

/* Begin XCVersionGroup section */
		F4079C9C1E6738F50067AEC4 /* HitList.xcdatamodeld */ = {
			isa = XCVersionGroup;
			children = (
				F4079C9D1E6738F50067AEC4 /* HitList.xcdatamodel */,
			);
			currentVersion = F4079C9D1E6738F50067AEC4 /* HitList.xcdatamodel */;
			path = HitList.xcdatamodeld;
			sourceTree = "<group>";
			versionGroupType = wrapper.xcdatamodel;
		};
/* End XCVersionGroup section */
	};
	rootObject = F4079C8A1E6738F50067AEC4 /* Project object */;
}
