// !$*UTF8*$!
{
	archiveVersion = 1;
	classes = {
	};
	objectVersion = 46;
	objects = {

/* Begin PBXBuildFile section */
		F4C6BF421DD0F4C100E03CA3 /* AppDelegate.swift in Sources */ = {isa = PBXBuildFile; fileRef = F4C6BF411DD0F4C100E03CA3 /* AppDelegate.swift */; };
		F4C6BF441DD0F4C100E03CA3 /* ViewController.swift in Sources */ = {isa = PBXBuildFile; fileRef = F4C6BF431DD0F4C100E03CA3 /* ViewController.swift */; };
		F4C6BF471DD0F4C100E03CA3 /* Main.storyboard in Resources */ = {isa = PBXBuildFile; fileRef = F4C6BF451DD0F4C100E03CA3 /* Main.storyboard */; };
		F4C6BF491DD0F4C100E03CA3 /* Assets.xcassets in Resources */ = {isa = PBXBuildFile; fileRef = F4C6BF481DD0F4C100E03CA3 /* Assets.xcassets */; };
		F4C6BF4C1DD0F4C100E03CA3 /* LaunchScreen.storyboard in Resources */ = {isa = PBXBuildFile; fileRef = F4C6BF4A1DD0F4C100E03CA3 /* LaunchScreen.storyboard */; };
/* End PBXBuildFile section */

/* Begin PBXFileReference section */
		F4C6BF3E1DD0F4C100E03CA3 /* GestureRecognizers.app */ = {isa = PBXFileReference; explicitFileType = wrapper.application; includeInIndex = 0; path = GestureRecognizers.app; sourceTree = BUILT_PRODUCTS_DIR; };
		F4C6BF411DD0F4C100E03CA3 /* AppDelegate.swift */ = {isa = PBXFileReference; lastKnownFileType = sourcecode.swift; path = AppDelegate.swift; sourceTree = "<group>"; };
		F4C6BF431DD0F4C100E03CA3 /* ViewController.swift */ = {isa = PBXFileReference; lastKnownFileType = sourcecode.swift; path = ViewController.swift; sourceTree = "<group>"; };
		F4C6BF461DD0F4C100E03CA3 /* Base */ = {isa = PBXFileReference; lastKnownFileType = file.storyboard; name = Base; path = Base.lproj/Main.storyboard; sourceTree = "<group>"; };
		F4C6BF481DD0F4C100E03CA3 /* Assets.xcassets */ = {isa = PBXFileReference; lastKnownFileType = folder.assetcatalog; path = Assets.xcassets; sourceTree = "<group>"; };
		F4C6BF4B1DD0F4C100E03CA3 /* Base */ = {isa = PBXFileReference; lastKnownFileType = file.storyboard; name = Base; path = Base.lproj/LaunchScreen.storyboard; sourceTree = "<group>"; };
		F4C6BF4D1DD0F4C100E03CA3 /* Info.plist */ = {isa = PBXFileReference; lastKnownFileType = text.plist.xml; path = Info.plist; sourceTree = "<group>"; };
/* End PBXFileReference section */

/* Begin PBXFrameworksBuildPhase section */
		F4C6BF3B1DD0F4C100E03CA3 /* Frameworks */ = {
			isa = PBXFrameworksBuildPhase;
			buildActionMask = 2147483647;
			files = (
			);
			runOnlyForDeploymentPostprocessing = 0;
		};
/* End PBXFrameworksBuildPhase section */

/* Begin PBXGroup section */
		F4C6BF351DD0F4C100E03CA3 = {
			isa = PBXGroup;
			children = (
				F4C6BF401DD0F4C100E03CA3 /* GestureRecognizers */,
				F4C6BF3F1DD0F4C100E03CA3 /* Products */,
			);
			sourceTree = "<group>";
		};
		F4C6BF3F1DD0F4C100E03CA3 /* Products */ = {
			isa = PBXGroup;
			children = (
				F4C6BF3E1DD0F4C100E03CA3 /* GestureRecognizers.app */,
			);
			name = Products;
			sourceTree = "<group>";
		};
		F4C6BF401DD0F4C100E03CA3 /* GestureRecognizers */ = {
			isa = PBXGroup;
			children = (
				F4C6BF411DD0F4C100E03CA3 /* AppDelegate.swift */,
				F4C6BF431DD0F4C100E03CA3 /* ViewController.swift */,
				F4C6BF451DD0F4C100E03CA3 /* Main.storyboard */,
				F4C6BF481DD0F4C100E03CA3 /* Assets.xcassets */,
				F4C6BF4A1DD0F4C100E03CA3 /* LaunchScreen.storyboard */,
				F4C6BF4D1DD0F4C100E03CA3 /* Info.plist */,
			);
			path = GestureRecognizers;
			sourceTree = "<group>";
		};
/* End PBXGroup section */

/* Begin PBXNativeTarget section */
		F4C6BF3D1DD0F4C100E03CA3 /* GestureRecognizers */ = {
			isa = PBXNativeTarget;
			buildConfigurationList = F4C6BF501DD0F4C100E03CA3 /* Build configuration list for PBXNativeTarget "GestureRecognizers" */;
			buildPhases = (
				F4C6BF3A1DD0F4C100E03CA3 /* Sources */,
				F4C6BF3B1DD0F4C100E03CA3 /* Frameworks */,
				F4C6BF3C1DD0F4C100E03CA3 /* Resources */,
			);
			buildRules = (
			);
			dependencies = (
			);
			name = GestureRecognizers;
			productName = GestureRecognizers;
			productReference = F4C6BF3E1DD0F4C100E03CA3 /* GestureRecognizers.app */;
			productType = "com.apple.product-type.application";
		};
/* End PBXNativeTarget section */

/* Begin PBXProject section */
		F4C6BF361DD0F4C100E03CA3 /* Project object */ = {
			isa = PBXProject;
			attributes = {
				LastSwiftUpdateCheck = 0810;
				LastUpgradeCheck = 0810;
				ORGANIZATIONNAME = Arun;
				TargetAttributes = {
					F4C6BF3D1DD0F4C100E03CA3 = {
						CreatedOnToolsVersion = 8.1;
						DevelopmentTeam = 342KW2GQV5;
						ProvisioningStyle = Automatic;
					};
				};
			};
			buildConfigurationList = F4C6BF391DD0F4C100E03CA3 /* Build configuration list for PBXProject "GestureRecognizers" */;
			compatibilityVersion = "Xcode 3.2";
			developmentRegion = English;
			hasScannedForEncodings = 0;
			knownRegions = (
				en,
				Base,
			);
			mainGroup = F4C6BF351DD0F4C100E03CA3;
			productRefGroup = F4C6BF3F1DD0F4C100E03CA3 /* Products */;
			projectDirPath = "";
			projectRoot = "";
			targets = (
				F4C6BF3D1DD0F4C100E03CA3 /* GestureRecognizers */,
			);
		};
/* End PBXProject section */

/* Begin PBXResourcesBuildPhase section */
		F4C6BF3C1DD0F4C100E03CA3 /* Resources */ = {
			isa = PBXResourcesBuildPhase;
			buildActionMask = 2147483647;
			files = (
				F4C6BF4C1DD0F4C100E03CA3 /* LaunchScreen.storyboard in Resources */,
				F4C6BF491DD0F4C100E03CA3 /* Assets.xcassets in Resources */,
				F4C6BF471DD0F4C100E03CA3 /* Main.storyboard in Resources */,
			);
			runOnlyForDeploymentPostprocessing = 0;
		};
/* End PBXResourcesBuildPhase section */

/* Begin PBXSourcesBuildPhase section */
		F4C6BF3A1DD0F4C100E03CA3 /* Sources */ = {
			isa = PBXSourcesBuildPhase;
			buildActionMask = 2147483647;
			files = (
				F4C6BF441DD0F4C100E03CA3 /* ViewController.swift in Sources */,
				F4C6BF421DD0F4C100E03CA3 /* AppDelegate.swift in Sources */,
			);
			runOnlyForDeploymentPostprocessing = 0;
		};
/* End PBXSourcesBuildPhase section */

/* Begin PBXVariantGroup section */
		F4C6BF451DD0F4C100E03CA3 /* Main.storyboard */ = {
			isa = PBXVariantGroup;
			children = (
				F4C6BF461DD0F4C100E03CA3 /* Base */,
			);
			name = Main.storyboard;
			sourceTree = "<group>";
		};
		F4C6BF4A1DD0F4C100E03CA3 /* LaunchScreen.storyboard */ = {
			isa = PBXVariantGroup;
			children = (
				F4C6BF4B1DD0F4C100E03CA3 /* Base */,
			);
			name = LaunchScreen.storyboard;
			sourceTree = "<group>";
		};
/* End PBXVariantGroup section */

/* Begin XCBuildConfiguration section */
		F4C6BF4E1DD0F4C100E03CA3 /* Debug */ = {
			isa = XCBuildConfiguration;
			buildSettings = {
				ALWAYS_SEARCH_USER_PATHS = NO;
				CLANG_ANALYZER_NONNULL = YES;
				CLANG_CXX_LANGUAGE_STANDARD = "gnu++0x";
				CLANG_CXX_LIBRARY = "libc++";
				CLANG_ENABLE_MODULES = YES;
				CLANG_ENABLE_OBJC_ARC = YES;
				CLANG_WARN_BOOL_CONVERSION = YES;
				CLANG_WARN_CONSTANT_CONVERSION = YES;
				CLANG_WARN_DIRECT_OBJC_ISA_USAGE = YES_ERROR;
				CLANG_WARN_DOCUMENTATION_COMMENTS = YES;
				CLANG_WARN_EMPTY_BODY = YES;
				CLANG_WARN_ENUM_CONVERSION = YES;
				CLANG_WARN_INFINITE_RECURSION = YES;
				CLANG_WARN_INT_CONVERSION = YES;
				CLANG_WARN_OBJC_ROOT_CLASS = YES_ERROR;
				CLANG_WARN_SUSPICIOUS_MOVES = YES;
				CLANG_WARN_UNREACHABLE_CODE = YES;
				CLANG_WARN__DUPLICATE_METHOD_MATCH = YES;
				"CODE_SIGN_IDENTITY[sdk=iphoneos*]" = "iPhone Developer";
				COPY_PHASE_STRIP = NO;
				DEBUG_INFORMATION_FORMAT = dwarf;
				ENABLE_STRICT_OBJC_MSGSEND = YES;
				ENABLE_TESTABILITY = YES;
				GCC_C_LANGUAGE_STANDARD = gnu99;
				GCC_DYNAMIC_NO_PIC = NO;
				GCC_NO_COMMON_BLOCKS = YES;
				GCC_OPTIMIZATION_LEVEL = 0;
				GCC_PREPROCESSOR_DEFINITIONS = (
					"DEBUG=1",
					"$(inherited)",
				);
				GCC_WARN_64_TO_32_BIT_CONVERSION = YES;
				GCC_WARN_ABOUT_RETURN_TYPE = YES_ERROR;
				GCC_WARN_UNDECLARED_SELECTOR = YES;
				GCC_WARN_UNINITIALIZED_AUTOS = YES_AGGRESSIVE;
				GCC_WARN_UNUSED_FUNCTION = YES;
				GCC_WARN_UNUSED_VARIABLE = YES;
				IPHONEOS_DEPLOYMENT_TARGET = 10.1;
				MTL_ENABLE_DEBUG_INFO = YES;
				ONLY_ACTIVE_ARCH = YES;
				SDKROOT = iphoneos;
				SWIFT_ACTIVE_COMPILATION_CONDITIONS = DEBUG;
				SWIFT_OPTIMIZATION_LEVEL = "-Onone";
			};
			name = Debug;
		};
		F4C6BF4F1DD0F4C100E03CA3 /* Release */ = {
			isa = XCBuildConfiguration;
			buildSettings = {
				ALWAYS_SEARCH_USER_PATHS = NO;
				CLANG_ANALYZER_NONNULL = YES;
				CLANG_CXX_LANGUAGE_STANDARD = "gnu++0x";
				CLANG_CXX_LIBRARY = "libc++";
				CLANG_ENABLE_MODULES = YES;
				CLANG_ENABLE_OBJC_ARC = YES;
				CLANG_WARN_BOOL_CONVERSION = YES;
				CLANG_WARN_CONSTANT_CONVERSION = YES;
				CLANG_WARN_DIRECT_OBJC_ISA_USAGE = YES_ERROR;
				CLANG_WARN_DOCUMENTATION_COMMENTS = YES;
				CLANG_WARN_EMPTY_BODY = YES;
				CLANG_WARN_ENUM_CONVERSION = YES;
				CLANG_WARN_INFINITE_RECURSION = YES;
				CLANG_WARN_INT_CONVERSION = YES;
				CLANG_WARN_OBJC_ROOT_CLASS = YES_ERROR;
				CLANG_WARN_SUSPICIOUS_MOVES = YES;
				CLANG_WARN_UNREACHABLE_CODE = YES;
				CLANG_WARN__DUPLICATE_METHOD_MATCH = YES;
				"CODE_SIGN_IDENTITY[sdk=iphoneos*]" = "iPhone Developer";
				COPY_PHASE_STRIP = NO;
				DEBUG_INFORMATION_FORMAT = "dwarf-with-dsym";
				ENABLE_NS_ASSERTIONS = NO;
				ENABLE_STRICT_OBJC_MSGSEND = YES;
				GCC_C_LANGUAGE_STANDARD = gnu99;
				GCC_NO_COMMON_BLOCKS = YES;
				GCC_WARN_64_TO_32_BIT_CONVERSION = YES;
				GCC_WARN_ABOUT_RETURN_TYPE = YES_ERROR;
				GCC_WARN_UNDECLARED_SELECTOR = YES;
				GCC_WARN_UNINITIALIZED_AUTOS = YES_AGGRESSIVE;
				GCC_WARN_UNUSED_FUNCTION = YES;
				GCC_WARN_UNUSED_VARIABLE = YES;
				IPHONEOS_DEPLOYMENT_TARGET = 10.1;
				MTL_ENABLE_DEBUG_INFO = NO;
				SDKROOT = iphoneos;
				SWIFT_OPTIMIZATION_LEVEL = "-Owholemodule";
				VALIDATE_PRODUCT = YES;
			};
			name = Release;
		};
		F4C6BF511DD0F4C100E03CA3 /* Debug */ = {
			isa = XCBuildConfiguration;
			buildSettings = {
				ASSETCATALOG_COMPILER_APPICON_NAME = AppIcon;
				DEVELOPMENT_TEAM = 342KW2GQV5;
				INFOPLIST_FILE = GestureRecognizers/Info.plist;
				IPHONEOS_DEPLOYMENT_TARGET = 9.0;
				LD_RUNPATH_SEARCH_PATHS = "$(inherited) @executable_path/Frameworks";
				PRODUCT_BUNDLE_IDENTIFIER = com.arunsivakumar.GestureRecognizers;
				PRODUCT_NAME = "$(TARGET_NAME)";
				SWIFT_VERSION = 3.0;
			};
			name = Debug;
		};
		F4C6BF521DD0F4C100E03CA3 /* Release */ = {
			isa = XCBuildConfiguration;
			buildSettings = {
				ASSETCATALOG_COMPILER_APPICON_NAME = AppIcon;
				DEVELOPMENT_TEAM = 342KW2GQV5;
				INFOPLIST_FILE = GestureRecognizers/Info.plist;
				IPHONEOS_DEPLOYMENT_TARGET = 9.0;
				LD_RUNPATH_SEARCH_PATHS = "$(inherited) @executable_path/Frameworks";
				PRODUCT_BUNDLE_IDENTIFIER = com.arunsivakumar.GestureRecognizers;
				PRODUCT_NAME = "$(TARGET_NAME)";
				SWIFT_VERSION = 3.0;
			};
			name = Release;
		};
/* End XCBuildConfiguration section */

/* Begin XCConfigurationList section */
		F4C6BF391DD0F4C100E03CA3 /* Build configuration list for PBXProject "GestureRecognizers" */ = {
			isa = XCConfigurationList;
			buildConfigurations = (
				F4C6BF4E1DD0F4C100E03CA3 /* Debug */,
				F4C6BF4F1DD0F4C100E03CA3 /* Release */,
			);
			defaultConfigurationIsVisible = 0;
			defaultConfigurationName = Release;
		};
		F4C6BF501DD0F4C100E03CA3 /* Build configuration list for PBXNativeTarget "GestureRecognizers" */ = {
			isa = XCConfigurationList;
			buildConfigurations = (
				F4C6BF511DD0F4C100E03CA3 /* Debug */,
				F4C6BF521DD0F4C100E03CA3 /* Release */,
			);
			defaultConfigurationIsVisible = 0;
		};
/* End XCConfigurationList section */
	};
	rootObject = F4C6BF361DD0F4C100E03CA3 /* Project object */;
}
