// !$*UTF8*$!
{
	archiveVersion = 1;
	classes = {
	};
	objectVersion = 46;
	objects = {

/* Begin PBXBuildFile section */
		F43724AB1F070F3900024DAC /* AppDelegate.swift in Sources */ = {isa = PBXBuildFile; fileRef = F43724AA1F070F3900024DAC /* AppDelegate.swift */; };
		F43724AD1F070F3900024DAC /* ViewController.swift in Sources */ = {isa = PBXBuildFile; fileRef = F43724AC1F070F3900024DAC /* ViewController.swift */; };
		F43724B01F070F3900024DAC /* Main.storyboard in Resources */ = {isa = PBXBuildFile; fileRef = F43724AE1F070F3900024DAC /* Main.storyboard */; };
		F43724B21F070F3900024DAC /* Assets.xcassets in Resources */ = {isa = PBXBuildFile; fileRef = F43724B11F070F3900024DAC /* Assets.xcassets */; };
		F43724B51F070F3900024DAC /* LaunchScreen.storyboard in Resources */ = {isa = PBXBuildFile; fileRef = F43724B31F070F3900024DAC /* LaunchScreen.storyboard */; };
		F43724BD1F070F8D00024DAC /* ViewController2.swift in Sources */ = {isa = PBXBuildFile; fileRef = F43724BC1F070F8D00024DAC /* ViewController2.swift */; };
/* End PBXBuildFile section */

/* Begin PBXFileReference section */
		F43724A71F070F3900024DAC /* SearchDisplay.app */ = {isa = PBXFileReference; explicitFileType = wrapper.application; includeInIndex = 0; path = SearchDisplay.app; sourceTree = BUILT_PRODUCTS_DIR; };
		F43724AA1F070F3900024DAC /* AppDelegate.swift */ = {isa = PBXFileReference; lastKnownFileType = sourcecode.swift; path = AppDelegate.swift; sourceTree = "<group>"; };
		F43724AC1F070F3900024DAC /* ViewController.swift */ = {isa = PBXFileReference; lastKnownFileType = sourcecode.swift; path = ViewController.swift; sourceTree = "<group>"; };
		F43724AF1F070F3900024DAC /* Base */ = {isa = PBXFileReference; lastKnownFileType = file.storyboard; name = Base; path = Base.lproj/Main.storyboard; sourceTree = "<group>"; };
		F43724B11F070F3900024DAC /* Assets.xcassets */ = {isa = PBXFileReference; lastKnownFileType = folder.assetcatalog; path = Assets.xcassets; sourceTree = "<group>"; };
		F43724B41F070F3900024DAC /* Base */ = {isa = PBXFileReference; lastKnownFileType = file.storyboard; name = Base; path = Base.lproj/LaunchScreen.storyboard; sourceTree = "<group>"; };
		F43724B61F070F3900024DAC /* Info.plist */ = {isa = PBXFileReference; lastKnownFileType = text.plist.xml; path = Info.plist; sourceTree = "<group>"; };
		F43724BC1F070F8D00024DAC /* ViewController2.swift */ = {isa = PBXFileReference; fileEncoding = 4; lastKnownFileType = sourcecode.swift; path = ViewController2.swift; sourceTree = "<group>"; };
/* End PBXFileReference section */

/* Begin PBXFrameworksBuildPhase section */
		F43724A41F070F3900024DAC /* Frameworks */ = {
			isa = PBXFrameworksBuildPhase;
			buildActionMask = 2147483647;
			files = (
			);
			runOnlyForDeploymentPostprocessing = 0;
		};
/* End PBXFrameworksBuildPhase section */

/* Begin PBXGroup section */
		F437249E1F070F3900024DAC = {
			isa = PBXGroup;
			children = (
				F43724A91F070F3900024DAC /* SearchDisplay */,
				F43724A81F070F3900024DAC /* Products */,
			);
			sourceTree = "<group>";
		};
		F43724A81F070F3900024DAC /* Products */ = {
			isa = PBXGroup;
			children = (
				F43724A71F070F3900024DAC /* SearchDisplay.app */,
			);
			name = Products;
			sourceTree = "<group>";
		};
		F43724A91F070F3900024DAC /* SearchDisplay */ = {
			isa = PBXGroup;
			children = (
				F43724AA1F070F3900024DAC /* AppDelegate.swift */,
				F43724AC1F070F3900024DAC /* ViewController.swift */,
				F43724BC1F070F8D00024DAC /* ViewController2.swift */,
				F43724AE1F070F3900024DAC /* Main.storyboard */,
				F43724B11F070F3900024DAC /* Assets.xcassets */,
				F43724B31F070F3900024DAC /* LaunchScreen.storyboard */,
				F43724B61F070F3900024DAC /* Info.plist */,
			);
			path = SearchDisplay;
			sourceTree = "<group>";
		};
/* End PBXGroup section */

/* Begin PBXNativeTarget section */
		F43724A61F070F3900024DAC /* SearchDisplay */ = {
			isa = PBXNativeTarget;
			buildConfigurationList = F43724B91F070F3900024DAC /* Build configuration list for PBXNativeTarget "SearchDisplay" */;
			buildPhases = (
				F43724A31F070F3900024DAC /* Sources */,
				F43724A41F070F3900024DAC /* Frameworks */,
				F43724A51F070F3900024DAC /* Resources */,
			);
			buildRules = (
			);
			dependencies = (
			);
			name = SearchDisplay;
			productName = SearchDisplay;
			productReference = F43724A71F070F3900024DAC /* SearchDisplay.app */;
			productType = "com.apple.product-type.application";
		};
/* End PBXNativeTarget section */

/* Begin PBXProject section */
		F437249F1F070F3900024DAC /* Project object */ = {
			isa = PBXProject;
			attributes = {
				LastSwiftUpdateCheck = 0830;
				LastUpgradeCheck = 0830;
				ORGANIZATIONNAME = "Arun Sivakumar";
				TargetAttributes = {
					F43724A61F070F3900024DAC = {
						CreatedOnToolsVersion = 8.3.3;
						DevelopmentTeam = U7E35VMB75;
						ProvisioningStyle = Automatic;
					};
				};
			};
			buildConfigurationList = F43724A21F070F3900024DAC /* Build configuration list for PBXProject "SearchDisplay" */;
			compatibilityVersion = "Xcode 3.2";
			developmentRegion = English;
			hasScannedForEncodings = 0;
			knownRegions = (
				en,
				Base,
			);
			mainGroup = F437249E1F070F3900024DAC;
			productRefGroup = F43724A81F070F3900024DAC /* Products */;
			projectDirPath = "";
			projectRoot = "";
			targets = (
				F43724A61F070F3900024DAC /* SearchDisplay */,
			);
		};
/* End PBXProject section */

/* Begin PBXResourcesBuildPhase section */
		F43724A51F070F3900024DAC /* Resources */ = {
			isa = PBXResourcesBuildPhase;
			buildActionMask = 2147483647;
			files = (
				F43724B51F070F3900024DAC /* LaunchScreen.storyboard in Resources */,
				F43724B21F070F3900024DAC /* Assets.xcassets in Resources */,
				F43724B01F070F3900024DAC /* Main.storyboard in Resources */,
			);
			runOnlyForDeploymentPostprocessing = 0;
		};
/* End PBXResourcesBuildPhase section */

/* Begin PBXSourcesBuildPhase section */
		F43724A31F070F3900024DAC /* Sources */ = {
			isa = PBXSourcesBuildPhase;
			buildActionMask = 2147483647;
			files = (
				F43724AD1F070F3900024DAC /* ViewController.swift in Sources */,
				F43724AB1F070F3900024DAC /* AppDelegate.swift in Sources */,
				F43724BD1F070F8D00024DAC /* ViewController2.swift in Sources */,
			);
			runOnlyForDeploymentPostprocessing = 0;
		};
/* End PBXSourcesBuildPhase section */

/* Begin PBXVariantGroup section */
		F43724AE1F070F3900024DAC /* Main.storyboard */ = {
			isa = PBXVariantGroup;
			children = (
				F43724AF1F070F3900024DAC /* Base */,
			);
			name = Main.storyboard;
			sourceTree = "<group>";
		};
		F43724B31F070F3900024DAC /* LaunchScreen.storyboard */ = {
			isa = PBXVariantGroup;
			children = (
				F43724B41F070F3900024DAC /* Base */,
			);
			name = LaunchScreen.storyboard;
			sourceTree = "<group>";
		};
/* End PBXVariantGroup section */

/* Begin XCBuildConfiguration section */
		F43724B71F070F3900024DAC /* Debug */ = {
			isa = XCBuildConfiguration;
			buildSettings = {
				ALWAYS_SEARCH_USER_PATHS = NO;
				CLANG_ANALYZER_NONNULL = YES;
				CLANG_ANALYZER_NUMBER_OBJECT_CONVERSION = YES_AGGRESSIVE;
				CLANG_CXX_LANGUAGE_STANDARD = "gnu++0x";
				CLANG_CXX_LIBRARY = "libc++";
				CLANG_ENABLE_MODULES = YES;
				CLANG_ENABLE_OBJC_ARC = YES;
				CLANG_WARN_BOOL_CONVERSION = YES;
				CLANG_WARN_CONSTANT_CONVERSION = YES;
				CLANG_WARN_DIRECT_OBJC_ISA_USAGE = YES_ERROR;
				CLANG_WARN_DOCUMENTATION_COMMENTS = YES;
				CLANG_WARN_EMPTY_BODY = YES;
				CLANG_WARN_ENUM_CONVERSION = YES;
				CLANG_WARN_INFINITE_RECURSION = YES;
				CLANG_WARN_INT_CONVERSION = YES;
				CLANG_WARN_OBJC_ROOT_CLASS = YES_ERROR;
				CLANG_WARN_SUSPICIOUS_MOVE = YES;
				CLANG_WARN_UNREACHABLE_CODE = YES;
				CLANG_WARN__DUPLICATE_METHOD_MATCH = YES;
				"CODE_SIGN_IDENTITY[sdk=iphoneos*]" = "iPhone Developer";
				COPY_PHASE_STRIP = NO;
				DEBUG_INFORMATION_FORMAT = dwarf;
				ENABLE_STRICT_OBJC_MSGSEND = YES;
				ENABLE_TESTABILITY = YES;
				GCC_C_LANGUAGE_STANDARD = gnu99;
				GCC_DYNAMIC_NO_PIC = NO;
				GCC_NO_COMMON_BLOCKS = YES;
				GCC_OPTIMIZATION_LEVEL = 0;
				GCC_PREPROCESSOR_DEFINITIONS = (
					"DEBUG=1",
					"$(inherited)",
				);
				GCC_WARN_64_TO_32_BIT_CONVERSION = YES;
				GCC_WARN_ABOUT_RETURN_TYPE = YES_ERROR;
				GCC_WARN_UNDECLARED_SELECTOR = YES;
				GCC_WARN_UNINITIALIZED_AUTOS = YES_AGGRESSIVE;
				GCC_WARN_UNUSED_FUNCTION = YES;
				GCC_WARN_UNUSED_VARIABLE = YES;
				IPHONEOS_DEPLOYMENT_TARGET = 10.3;
				MTL_ENABLE_DEBUG_INFO = YES;
				ONLY_ACTIVE_ARCH = YES;
				SDKROOT = iphoneos;
				SWIFT_ACTIVE_COMPILATION_CONDITIONS = DEBUG;
				SWIFT_OPTIMIZATION_LEVEL = "-Onone";
			};
			name = Debug;
		};
		F43724B81F070F3900024DAC /* Release */ = {
			isa = XCBuildConfiguration;
			buildSettings = {
				ALWAYS_SEARCH_USER_PATHS = NO;
				CLANG_ANALYZER_NONNULL = YES;
				CLANG_ANALYZER_NUMBER_OBJECT_CONVERSION = YES_AGGRESSIVE;
				CLANG_CXX_LANGUAGE_STANDARD = "gnu++0x";
				CLANG_CXX_LIBRARY = "libc++";
				CLANG_ENABLE_MODULES = YES;
				CLANG_ENABLE_OBJC_ARC = YES;
				CLANG_WARN_BOOL_CONVERSION = YES;
				CLANG_WARN_CONSTANT_CONVERSION = YES;
				CLANG_WARN_DIRECT_OBJC_ISA_USAGE = YES_ERROR;
				CLANG_WARN_DOCUMENTATION_COMMENTS = YES;
				CLANG_WARN_EMPTY_BODY = YES;
				CLANG_WARN_ENUM_CONVERSION = YES;
				CLANG_WARN_INFINITE_RECURSION = YES;
				CLANG_WARN_INT_CONVERSION = YES;
				CLANG_WARN_OBJC_ROOT_CLASS = YES_ERROR;
				CLANG_WARN_SUSPICIOUS_MOVE = YES;
				CLANG_WARN_UNREACHABLE_CODE = YES;
				CLANG_WARN__DUPLICATE_METHOD_MATCH = YES;
				"CODE_SIGN_IDENTITY[sdk=iphoneos*]" = "iPhone Developer";
				COPY_PHASE_STRIP = NO;
				DEBUG_INFORMATION_FORMAT = "dwarf-with-dsym";
				ENABLE_NS_ASSERTIONS = NO;
				ENABLE_STRICT_OBJC_MSGSEND = YES;
				GCC_C_LANGUAGE_STANDARD = gnu99;
				GCC_NO_COMMON_BLOCKS = YES;
				GCC_WARN_64_TO_32_BIT_CONVERSION = YES;
				GCC_WARN_ABOUT_RETURN_TYPE = YES_ERROR;
				GCC_WARN_UNDECLARED_SELECTOR = YES;
				GCC_WARN_UNINITIALIZED_AUTOS = YES_AGGRESSIVE;
				GCC_WARN_UNUSED_FUNCTION = YES;
				GCC_WARN_UNUSED_VARIABLE = YES;
				IPHONEOS_DEPLOYMENT_TARGET = 10.3;
				MTL_ENABLE_DEBUG_INFO = NO;
				SDKROOT = iphoneos;
				SWIFT_OPTIMIZATION_LEVEL = "-Owholemodule";
				VALIDATE_PRODUCT = YES;
			};
			name = Release;
		};
		F43724BA1F070F3900024DAC /* Debug */ = {
			isa = XCBuildConfiguration;
			buildSettings = {
				ASSETCATALOG_COMPILER_APPICON_NAME = AppIcon;
				DEVELOPMENT_TEAM = U7E35VMB75;
				INFOPLIST_FILE = SearchDisplay/Info.plist;
				LD_RUNPATH_SEARCH_PATHS = "$(inherited) @executable_path/Frameworks";
				PRODUCT_BUNDLE_IDENTIFIER = com.looplist.com.SearchDisplay;
				PRODUCT_NAME = "$(TARGET_NAME)";
				SWIFT_VERSION = 3.0;
			};
			name = Debug;
		};
		F43724BB1F070F3900024DAC /* Release */ = {
			isa = XCBuildConfiguration;
			buildSettings = {
				ASSETCATALOG_COMPILER_APPICON_NAME = AppIcon;
				DEVELOPMENT_TEAM = U7E35VMB75;
				INFOPLIST_FILE = SearchDisplay/Info.plist;
				LD_RUNPATH_SEARCH_PATHS = "$(inherited) @executable_path/Frameworks";
				PRODUCT_BUNDLE_IDENTIFIER = com.looplist.com.SearchDisplay;
				PRODUCT_NAME = "$(TARGET_NAME)";
				SWIFT_VERSION = 3.0;
			};
			name = Release;
		};
/* End XCBuildConfiguration section */

/* Begin XCConfigurationList section */
		F43724A21F070F3900024DAC /* Build configuration list for PBXProject "SearchDisplay" */ = {
			isa = XCConfigurationList;
			buildConfigurations = (
				F43724B71F070F3900024DAC /* Debug */,
				F43724B81F070F3900024DAC /* Release */,
			);
			defaultConfigurationIsVisible = 0;
			defaultConfigurationName = Release;
		};
		F43724B91F070F3900024DAC /* Build configuration list for PBXNativeTarget "SearchDisplay" */ = {
			isa = XCConfigurationList;
			buildConfigurations = (
				F43724BA1F070F3900024DAC /* Debug */,
				F43724BB1F070F3900024DAC /* Release */,
			);
			defaultConfigurationIsVisible = 0;
		};
/* End XCConfigurationList section */
	};
	rootObject = F437249F1F070F3900024DAC /* Project object */;
}
