// !$*UTF8*$!
{
	archiveVersion = 1;
	classes = {
	};
	objectVersion = 46;
	objects = {

/* Begin PBXBuildFile section */
		F45BE62D1DBE517C00074C11 /* LaunchScreen.storyboard in Resources */ = {isa = PBXBuildFile; fileRef = F45BE62B1DBE517C00074C11 /* LaunchScreen.storyboard */; };
		F46EC1121DBE4EF8006ACDDE /* AppDelegate.swift in Sources */ = {isa = PBXBuildFile; fileRef = F46EC1111DBE4EF8006ACDDE /* AppDelegate.swift */; };
		F46EC1141DBE4EF8006ACDDE /* ViewController.swift in Sources */ = {isa = PBXBuildFile; fileRef = F46EC1131DBE4EF8006ACDDE /* ViewController.swift */; };
		F46EC1171DBE4EF8006ACDDE /* Main.storyboard in Resources */ = {isa = PBXBuildFile; fileRef = F46EC1151DBE4EF8006ACDDE /* Main.storyboard */; };
		F46EC1191DBE4EF8006ACDDE /* Assets.xcassets in Resources */ = {isa = PBXBuildFile; fileRef = F46EC1181DBE4EF8006ACDDE /* Assets.xcassets */; };
		F46EC1241DBE4F96006ACDDE /* DataViewController.swift in Sources */ = {isa = PBXBuildFile; fileRef = F46EC1231DBE4F96006ACDDE /* DataViewController.swift */; };
/* End PBXBuildFile section */

/* Begin PBXFileReference section */
		F45BE62C1DBE517C00074C11 /* Base */ = {isa = PBXFileReference; lastKnownFileType = file.storyboard; name = Base; path = Base.lproj/LaunchScreen.storyboard; sourceTree = "<group>"; };
		F46EC10E1DBE4EF8006ACDDE /* MultiPlatform.app */ = {isa = PBXFileReference; explicitFileType = wrapper.application; includeInIndex = 0; path = MultiPlatform.app; sourceTree = BUILT_PRODUCTS_DIR; };
		F46EC1111DBE4EF8006ACDDE /* AppDelegate.swift */ = {isa = PBXFileReference; lastKnownFileType = sourcecode.swift; path = AppDelegate.swift; sourceTree = "<group>"; };
		F46EC1131DBE4EF8006ACDDE /* ViewController.swift */ = {isa = PBXFileReference; lastKnownFileType = sourcecode.swift; path = ViewController.swift; sourceTree = "<group>"; };
		F46EC1161DBE4EF8006ACDDE /* Base */ = {isa = PBXFileReference; lastKnownFileType = file.storyboard; name = Base; path = Base.lproj/Main.storyboard; sourceTree = "<group>"; };
		F46EC1181DBE4EF8006ACDDE /* Assets.xcassets */ = {isa = PBXFileReference; lastKnownFileType = folder.assetcatalog; path = Assets.xcassets; sourceTree = "<group>"; };
		F46EC11D1DBE4EF8006ACDDE /* Info.plist */ = {isa = PBXFileReference; lastKnownFileType = text.plist.xml; path = Info.plist; sourceTree = "<group>"; };
		F46EC1231DBE4F96006ACDDE /* DataViewController.swift */ = {isa = PBXFileReference; fileEncoding = 4; lastKnownFileType = sourcecode.swift; path = DataViewController.swift; sourceTree = "<group>"; };
/* End PBXFileReference section */

/* Begin PBXFrameworksBuildPhase section */
		F46EC10B1DBE4EF8006ACDDE /* Frameworks */ = {
			isa = PBXFrameworksBuildPhase;
			buildActionMask = 2147483647;
			files = (
			);
			runOnlyForDeploymentPostprocessing = 0;
		};
/* End PBXFrameworksBuildPhase section */

/* Begin PBXGroup section */
		F46EC1051DBE4EF8006ACDDE = {
			isa = PBXGroup;
			children = (
				F46EC1101DBE4EF8006ACDDE /* MultiPlatform */,
				F46EC10F1DBE4EF8006ACDDE /* Products */,
			);
			sourceTree = "<group>";
		};
		F46EC10F1DBE4EF8006ACDDE /* Products */ = {
			isa = PBXGroup;
			children = (
				F46EC10E1DBE4EF8006ACDDE /* MultiPlatform.app */,
			);
			name = Products;
			sourceTree = "<group>";
		};
		F46EC1101DBE4EF8006ACDDE /* MultiPlatform */ = {
			isa = PBXGroup;
			children = (
				F45BE62B1DBE517C00074C11 /* LaunchScreen.storyboard */,
				F46EC1111DBE4EF8006ACDDE /* AppDelegate.swift */,
				F46EC1131DBE4EF8006ACDDE /* ViewController.swift */,
				F46EC1151DBE4EF8006ACDDE /* Main.storyboard */,
				F46EC1181DBE4EF8006ACDDE /* Assets.xcassets */,
				F46EC11D1DBE4EF8006ACDDE /* Info.plist */,
				F46EC1231DBE4F96006ACDDE /* DataViewController.swift */,
			);
			path = MultiPlatform;
			sourceTree = "<group>";
		};
/* End PBXGroup section */

/* Begin PBXNativeTarget section */
		F46EC10D1DBE4EF8006ACDDE /* MultiPlatform */ = {
			isa = PBXNativeTarget;
			buildConfigurationList = F46EC1201DBE4EF8006ACDDE /* Build configuration list for PBXNativeTarget "MultiPlatform" */;
			buildPhases = (
				F46EC10A1DBE4EF8006ACDDE /* Sources */,
				F46EC10B1DBE4EF8006ACDDE /* Frameworks */,
				F46EC10C1DBE4EF8006ACDDE /* Resources */,
			);
			buildRules = (
			);
			dependencies = (
			);
			name = MultiPlatform;
			productName = MultiPlatform;
			productReference = F46EC10E1DBE4EF8006ACDDE /* MultiPlatform.app */;
			productType = "com.apple.product-type.application";
		};
/* End PBXNativeTarget section */

/* Begin PBXProject section */
		F46EC1061DBE4EF8006ACDDE /* Project object */ = {
			isa = PBXProject;
			attributes = {
				LastSwiftUpdateCheck = 0800;
				LastUpgradeCheck = 0800;
				ORGANIZATIONNAME = Arun;
				TargetAttributes = {
					F46EC10D1DBE4EF8006ACDDE = {
						CreatedOnToolsVersion = 8.0;
						ProvisioningStyle = Automatic;
					};
				};
			};
			buildConfigurationList = F46EC1091DBE4EF8006ACDDE /* Build configuration list for PBXProject "MultiPlatform" */;
			compatibilityVersion = "Xcode 3.2";
			developmentRegion = English;
			hasScannedForEncodings = 0;
			knownRegions = (
				en,
				Base,
			);
			mainGroup = F46EC1051DBE4EF8006ACDDE;
			productRefGroup = F46EC10F1DBE4EF8006ACDDE /* Products */;
			projectDirPath = "";
			projectRoot = "";
			targets = (
				F46EC10D1DBE4EF8006ACDDE /* MultiPlatform */,
			);
		};
/* End PBXProject section */

/* Begin PBXResourcesBuildPhase section */
		F46EC10C1DBE4EF8006ACDDE /* Resources */ = {
			isa = PBXResourcesBuildPhase;
			buildActionMask = 2147483647;
			files = (
				F45BE62D1DBE517C00074C11 /* LaunchScreen.storyboard in Resources */,
				F46EC1191DBE4EF8006ACDDE /* Assets.xcassets in Resources */,
				F46EC1171DBE4EF8006ACDDE /* Main.storyboard in Resources */,
			);
			runOnlyForDeploymentPostprocessing = 0;
		};
/* End PBXResourcesBuildPhase section */

/* Begin PBXSourcesBuildPhase section */
		F46EC10A1DBE4EF8006ACDDE /* Sources */ = {
			isa = PBXSourcesBuildPhase;
			buildActionMask = 2147483647;
			files = (
				F46EC1141DBE4EF8006ACDDE /* ViewController.swift in Sources */,
				F46EC1241DBE4F96006ACDDE /* DataViewController.swift in Sources */,
				F46EC1121DBE4EF8006ACDDE /* AppDelegate.swift in Sources */,
			);
			runOnlyForDeploymentPostprocessing = 0;
		};
/* End PBXSourcesBuildPhase section */

/* Begin PBXVariantGroup section */
		F45BE62B1DBE517C00074C11 /* LaunchScreen.storyboard */ = {
			isa = PBXVariantGroup;
			children = (
				F45BE62C1DBE517C00074C11 /* Base */,
			);
			name = LaunchScreen.storyboard;
			sourceTree = "<group>";
		};
		F46EC1151DBE4EF8006ACDDE /* Main.storyboard */ = {
			isa = PBXVariantGroup;
			children = (
				F46EC1161DBE4EF8006ACDDE /* Base */,
			);
			name = Main.storyboard;
			sourceTree = "<group>";
		};
/* End PBXVariantGroup section */

/* Begin XCBuildConfiguration section */
		F46EC11E1DBE4EF8006ACDDE /* Debug */ = {
			isa = XCBuildConfiguration;
			buildSettings = {
				ALWAYS_SEARCH_USER_PATHS = NO;
				CLANG_ANALYZER_NONNULL = YES;
				CLANG_CXX_LANGUAGE_STANDARD = "gnu++0x";
				CLANG_CXX_LIBRARY = "libc++";
				CLANG_ENABLE_MODULES = YES;
				CLANG_ENABLE_OBJC_ARC = YES;
				CLANG_WARN_BOOL_CONVERSION = YES;
				CLANG_WARN_CONSTANT_CONVERSION = YES;
				CLANG_WARN_DIRECT_OBJC_ISA_USAGE = YES_ERROR;
				CLANG_WARN_DOCUMENTATION_COMMENTS = YES;
				CLANG_WARN_EMPTY_BODY = YES;
				CLANG_WARN_ENUM_CONVERSION = YES;
				CLANG_WARN_INFINITE_RECURSION = YES;
				CLANG_WARN_INT_CONVERSION = YES;
				CLANG_WARN_OBJC_ROOT_CLASS = YES_ERROR;
				CLANG_WARN_SUSPICIOUS_MOVES = YES;
				CLANG_WARN_UNREACHABLE_CODE = YES;
				CLANG_WARN__DUPLICATE_METHOD_MATCH = YES;
				"CODE_SIGN_IDENTITY[sdk=iphoneos*]" = "iPhone Developer";
				COPY_PHASE_STRIP = NO;
				DEBUG_INFORMATION_FORMAT = dwarf;
				ENABLE_STRICT_OBJC_MSGSEND = YES;
				ENABLE_TESTABILITY = YES;
				GCC_C_LANGUAGE_STANDARD = gnu99;
				GCC_DYNAMIC_NO_PIC = NO;
				GCC_NO_COMMON_BLOCKS = YES;
				GCC_OPTIMIZATION_LEVEL = 0;
				GCC_PREPROCESSOR_DEFINITIONS = (
					"DEBUG=1",
					"$(inherited)",
				);
				GCC_WARN_64_TO_32_BIT_CONVERSION = YES;
				GCC_WARN_ABOUT_RETURN_TYPE = YES_ERROR;
				GCC_WARN_UNDECLARED_SELECTOR = YES;
				GCC_WARN_UNINITIALIZED_AUTOS = YES_AGGRESSIVE;
				GCC_WARN_UNUSED_FUNCTION = YES;
				GCC_WARN_UNUSED_VARIABLE = YES;
				IPHONEOS_DEPLOYMENT_TARGET = 10.0;
				MTL_ENABLE_DEBUG_INFO = YES;
				ONLY_ACTIVE_ARCH = YES;
				SDKROOT = iphoneos;
				SWIFT_ACTIVE_COMPILATION_CONDITIONS = DEBUG;
				SWIFT_OPTIMIZATION_LEVEL = "-Onone";
				TARGETED_DEVICE_FAMILY = "1,2";
			};
			name = Debug;
		};
		F46EC11F1DBE4EF8006ACDDE /* Release */ = {
			isa = XCBuildConfiguration;
			buildSettings = {
				ALWAYS_SEARCH_USER_PATHS = NO;
				CLANG_ANALYZER_NONNULL = YES;
				CLANG_CXX_LANGUAGE_STANDARD = "gnu++0x";
				CLANG_CXX_LIBRARY = "libc++";
				CLANG_ENABLE_MODULES = YES;
				CLANG_ENABLE_OBJC_ARC = YES;
				CLANG_WARN_BOOL_CONVERSION = YES;
				CLANG_WARN_CONSTANT_CONVERSION = YES;
				CLANG_WARN_DIRECT_OBJC_ISA_USAGE = YES_ERROR;
				CLANG_WARN_DOCUMENTATION_COMMENTS = YES;
				CLANG_WARN_EMPTY_BODY = YES;
				CLANG_WARN_ENUM_CONVERSION = YES;
				CLANG_WARN_INFINITE_RECURSION = YES;
				CLANG_WARN_INT_CONVERSION = YES;
				CLANG_WARN_OBJC_ROOT_CLASS = YES_ERROR;
				CLANG_WARN_SUSPICIOUS_MOVES = YES;
				CLANG_WARN_UNREACHABLE_CODE = YES;
				CLANG_WARN__DUPLICATE_METHOD_MATCH = YES;
				"CODE_SIGN_IDENTITY[sdk=iphoneos*]" = "iPhone Developer";
				COPY_PHASE_STRIP = NO;
				DEBUG_INFORMATION_FORMAT = "dwarf-with-dsym";
				ENABLE_NS_ASSERTIONS = NO;
				ENABLE_STRICT_OBJC_MSGSEND = YES;
				GCC_C_LANGUAGE_STANDARD = gnu99;
				GCC_NO_COMMON_BLOCKS = YES;
				GCC_WARN_64_TO_32_BIT_CONVERSION = YES;
				GCC_WARN_ABOUT_RETURN_TYPE = YES_ERROR;
				GCC_WARN_UNDECLARED_SELECTOR = YES;
				GCC_WARN_UNINITIALIZED_AUTOS = YES_AGGRESSIVE;
				GCC_WARN_UNUSED_FUNCTION = YES;
				GCC_WARN_UNUSED_VARIABLE = YES;
				IPHONEOS_DEPLOYMENT_TARGET = 10.0;
				MTL_ENABLE_DEBUG_INFO = NO;
				SDKROOT = iphoneos;
				SWIFT_OPTIMIZATION_LEVEL = "-Owholemodule";
				TARGETED_DEVICE_FAMILY = "1,2";
				VALIDATE_PRODUCT = YES;
			};
			name = Release;
		};
		F46EC1211DBE4EF8006ACDDE /* Debug */ = {
			isa = XCBuildConfiguration;
			buildSettings = {
				ASSETCATALOG_COMPILER_APPICON_NAME = AppIcon;
				INFOPLIST_FILE = MultiPlatform/Info.plist;
				IPHONEOS_DEPLOYMENT_TARGET = 9.3;
				LD_RUNPATH_SEARCH_PATHS = "$(inherited) @executable_path/Frameworks";
				PRODUCT_BUNDLE_IDENTIFIER = com.arunsivakumar.MultiPlatform;
				PRODUCT_NAME = "$(TARGET_NAME)";
				SWIFT_VERSION = 3.0;
			};
			name = Debug;
		};
		F46EC1221DBE4EF8006ACDDE /* Release */ = {
			isa = XCBuildConfiguration;
			buildSettings = {
				ASSETCATALOG_COMPILER_APPICON_NAME = AppIcon;
				INFOPLIST_FILE = MultiPlatform/Info.plist;
				IPHONEOS_DEPLOYMENT_TARGET = 9.3;
				LD_RUNPATH_SEARCH_PATHS = "$(inherited) @executable_path/Frameworks";
				PRODUCT_BUNDLE_IDENTIFIER = com.arunsivakumar.MultiPlatform;
				PRODUCT_NAME = "$(TARGET_NAME)";
				SWIFT_VERSION = 3.0;
			};
			name = Release;
		};
/* End XCBuildConfiguration section */

/* Begin XCConfigurationList section */
		F46EC1091DBE4EF8006ACDDE /* Build configuration list for PBXProject "MultiPlatform" */ = {
			isa = XCConfigurationList;
			buildConfigurations = (
				F46EC11E1DBE4EF8006ACDDE /* Debug */,
				F46EC11F1DBE4EF8006ACDDE /* Release */,
			);
			defaultConfigurationIsVisible = 0;
			defaultConfigurationName = Release;
		};
		F46EC1201DBE4EF8006ACDDE /* Build configuration list for PBXNativeTarget "MultiPlatform" */ = {
			isa = XCConfigurationList;
			buildConfigurations = (
				F46EC1211DBE4EF8006ACDDE /* Debug */,
				F46EC1221DBE4EF8006ACDDE /* Release */,
			);
			defaultConfigurationIsVisible = 0;
			defaultConfigurationName = Release;
		};
/* End XCConfigurationList section */
	};
	rootObject = F46EC1061DBE4EF8006ACDDE /* Project object */;
}
